{
  "version": 4,
  "terraform_version": "1.14.0",
  "serial": 280,
  "lineage": "72839bcd-e334-5042-8c8a-e10c58a014a0",
  "outputs": {
    "acr_login_server": {
      "value": "helmdeploymentappprodacr.azurecr.io",
      "type": "string"
    },
    "acr_name": {
      "value": "helmdeploymentappprodacr",
      "type": "string"
    },
    "aks_cluster_id": {
      "value": "/subscriptions/90266433-ff7d-467c-becb-788ee06b5e27/resourceGroups/helm-deployment-app-prod-rg/providers/Microsoft.ContainerService/managedClusters/helm-deployment-app-prod-aks",
      "type": "string"
    },
    "aks_cluster_name": {
      "value": "helm-deployment-app-prod-aks",
      "type": "string"
    },
    "kube_config": {
      "value": "apiVersion: v1\nclusters:\n- cluster:\n    certificate-authority-data: LS0tLS1CRUdJTiBDRVJUSUZJQ0FURS0tLS0tCk1JSUU2VENDQXRHZ0F3SUJBZ0lSQUt5T0MvZWZKU2ZPQzM5b2xWV3kzWU13RFFZSktvWklodmNOQVFFTEJRQXcKRFRFTE1Ba0dBMVVFQXhNQ1kyRXdJQmNOTWpZd016QTNNRGt3TVRFMldoZ1BNakExTmpBek1EY3dPVEV4TVRaYQpNQTB4Q3pBSkJnTlZCQU1UQW1OaE1JSUNJakFOQmdrcWhraUc5dzBCQVFFRkFBT0NBZzhBTUlJQ0NnS0NBZ0VBCnZJTFNldjVzMk93SUtVTThoQnpGUTJoWGRlWjhxbDE5MWVmMFZBL0JVQURLQW5VbzY2UXQ5S2k0WmQvVUxZdSsKT1JjWHNDQkVUSDdVYW1wdzJYZjlITGdoL1FUQllYSEMrMW9RRXpuRzhvbG1JUlAyWWx1cE1ybWVDSW4wajV6MgpOeGE4SlR3WTc4ZHh3Tm16eG1VVXVOT0FpcnJmTVgwM2pkWm5ZR2s3eU0vYXFEOWwveHNxNFNPUmQ5SXNVbmtGCnpJaFROb2lNeU1wcEZNMzZON0JqRFVnMGNqdXZkbWYzNG9TT3BwTG9sbnYrcjdMUWRyM0o5L2duUjFHNzNrYW4KaGJabjdQaUJMSGJvWCswQllXRGRpQ0UzOGNqM2pIcGMxcXBMV0JTTUZnM2tPU0w2aUtFQXNnOWVvNmVwL1NXcgpZbit6UTlRcUhHb3ZtYXNCeTI1b1lMOExGbGJWVW9ZdHoxWG1nZFUvcm1BajQ5M1VqcXZJRzY5Qloxb0s0T0wyClk5YlNpYks4QmtLNVFjYUtMNmZ6L3NHN2NyaitTaG9oeTdnbm9iQ2FqVnVaWFdkaDJmRjFLdzNleXRiT1pueG0KV2YrNFZpTU5nNjUrMm5wYW9pQU5rRDNxZTMya0NuQWVpWjUvVmFMTHhLb3A4ZTg1T25tQ1FRcVBXS2NNK1FwTQpjNUl6QWJKV2t5VTFkbEo0MjdFU1o5RmNNNm1YQXl1UjdJYS9uSHhwSnd3aCt0dTNiZWhRWVVCbURGVmsxQy9MCitOaVpLdFJrem0vZmlKSWFlL3cyR0xwRFRtUEh4NnJJZGhOTDJ5SlNGWWMvUmdpWGw1am83OEIxdEVYUkUvVjIKVHRjdG9VaExJOVdSZEV2cTdWUGRka2l6cjc4bWRtSklSNERJVVhPQ2FTRUNBd0VBQWFOQ01FQXdEZ1lEVlIwUApBUUgvQkFRREFnS2tNQThHQTFVZEV3RUIvd1FGTUFNQkFmOHdIUVlEVlIwT0JCWUVGSk1CUnZITUpiOXpuR2pOCmFkVDZNdDl1dEtraE1BMEdDU3FHU0liM0RRRUJDd1VBQTRJQ0FRQ1pzY280NEF1Wno3RnlOWnluM3E3UHB4SnYKcE94d3RBaU1LTEpwd1VacGE2WWpuNUxpd0lTekVPRWRoRTY0cWtjWkhSdnFOM2w5eXZBUG1rVjI1SzU3YnVKbwppSGxvREFVaWlUOEhtSTNIOXlVdmRoZWZhRnZDakd6VDNxYThMZFVFTmhlb2s0ZXQyNTlGWmlWYVZuMEI4cUx3ClRkYitWOWVRWlNBdDhWaFVLbERPbDRaZ1dTWlZNT3Q5d240VTRQUmdoMUhYNEhiUTFXa2lYTnpvNkhiNGQwMEQKcDY4czBrV2NpajQranNCMms1Tkc1VEpiakRFTkdqWXF4Nmd3MnBoZzMrbzN3N0lEMmFYV3ptZXpUVXlxekxMWAo4d3JvRG1LTFRtSE5YallnM0xZQkUwbVJjMmh4T1ZaaVNhNGFLUE5WR3BVTmlzMWZrWVNWcU1GVDd4WTdibXBJCmRzT0hicHFlaEd5WDRMaFdkMVplb0N5N3E5L2tMSjdlanQwU2JtaDU5RkVsb0NEdEg1dHZpWXFmbUszNWJxMngKbW5VRG9KNzU3V3lMR01iYmFOeXVhSnVFZkdTRm5pU2NrdHk2YmNvaWJNNy8zWklmZFZYc1Z3clJmUzhHam9GdwpLOEV6Uno1VTRhN1VQdHhFa09Zb3pDeGxJbDY2dTRoTmhpRndPTk5yeU1oQ1BVN1d3OXZhSmZGUDRZRzdUWCtqCnFqSENodkJNcXFEWXdhaS96QlFYUlNNU0pGK2VCOHd4WkdSMU0yajhzWXYwWEM0Wi8zUmZiZFgxdG1YZ3FXTlcKUEI5dlppK1hDK0kvbzhtT3Y3SmtsakNaUXlZQUREVDZiTFRTbWppTFJKaHJsMEJhdSsrcVM3ZEFjdnQ4b2NHbApvR2NaRDdlalJzMGJoTmJqcHc9PQotLS0tLUVORCBDRVJUSUZJQ0FURS0tLS0tCg==\n    server: https://helm-deployment-app-prod-aks-w516gm0d.hcp.canadacentral.azmk8s.io:443\n  name: helm-deployment-app-prod-aks\ncontexts:\n- context:\n    cluster: helm-deployment-app-prod-aks\n    user: clusterUser_helm-deployment-app-prod-rg_helm-deployment-app-prod-aks\n  name: helm-deployment-app-prod-aks\ncurrent-context: helm-deployment-app-prod-aks\nkind: Config\nusers:\n- name: clusterUser_helm-deployment-app-prod-rg_helm-deployment-app-prod-aks\n  user:\n    client-certificate-data: LS0tLS1CRUdJTiBDRVJUSUZJQ0FURS0tLS0tCk1JSUZIVENDQXdXZ0F3SUJBZ0lRRE1aNndsMEExK2ZwNVUwenFHMkFiVEFOQmdrcWhraUc5dzBCQVFzRkFEQU4KTVFzd0NRWURWUVFERXdKallUQWVGdzB5TmpBek1EY3dPVEF4TVRaYUZ3MHlPREF6TURjd09URXhNVFphTURBeApGekFWQmdOVkJBb1REbk41YzNSbGJUcHRZWE4wWlhKek1SVXdFd1lEVlFRREV3eHRZWE4wWlhKamJHbGxiblF3CmdnSWlNQTBHQ1NxR1NJYjNEUUVCQVFVQUE0SUNEd0F3Z2dJS0FvSUNBUURUTGJpZFBxb2xRWlg2MUc5SXUvUXgKRWpDRWZkMjkrMTlHUU55T1pnUG5rZ0ZyeE5vQ3FIckFkc3RKSU16c3VlNTNrOFIwZ09qdi9McDcvZC9MYkJoaAplaG8wMkVwOVNQc2ZtellqaXhCUm1mUThPVE5RK1NRRnpNdExJZTR6cXdQdmV2bUZVWXFIL2lqSVN1djJGTW1QCmZJKzE3andwaWhqSHRnM3BzdTVDLzk2aUJ2SjZqQi9yenhJTTRXRm5oZzIxaldJQnIzQ1ZSWkVlbVQ2eHlhMjIKMDJqbVNaWFpzeXIxbFpmZ0JpWER2aExIK3lpQWhmeEhQMzNoaktSdks5M2Z3MnpHTitGbXFVTzJxZG1PZ3BXegpXMWp0ZElKYU1uaDc0MkI0SCszUk1CU2JBcC9jcmdCTzdpNlpBSExqZ1M2blpGM01zVFN1aHdrOTBpVGNUK3VTCmhVeGVIbmY5YjZsaXBsNGtJWFYvSXZGb0dBbEkwbnkyM1lVbktRSzljbmVxTm1vdVExR3dsd042SnROV09OVW0KZHYyUUZyLzVxMmlKN0lPSW9Vb3Q4dXR3dWJ4YUJpUzdINmtyRWZ0STBhNlZTOFdyZ3dWdFRmRUl6dkUzcnJsawp0bk8ybXJuZEJ2SG81Yk9MNWgxdU9ZcGZVUVYvQ3N5QkRITUlQdjJJNmg2UEZucU1VbDlUM0pTUmc3amcyT2hqCnVHb2tMT0NGUWtzMnN2bHd1MkZNZTRzd3d6Ukwxc2Uxc2V1VUZncHVkQjhuRzIyb3Bqak9jOWZnYWhFV2VXSmoKSzdSQ0g3TmozQlA2TE9XTE9BM1lPdmJQd1pBZWZpVUV5SlUzV0NqSDB2ckttajlSV09ubmdHT2hmME1kL2wvZApBcFJTZ09QWEhUKzd0akwvWWJ6MktRSURBUUFCbzFZd1ZEQU9CZ05WSFE4QkFmOEVCQU1DQmFBd0V3WURWUjBsCkJBd3dDZ1lJS3dZQkJRVUhBd0l3REFZRFZSMFRBUUgvQkFJd0FEQWZCZ05WSFNNRUdEQVdnQlNUQVVieHpDVy8KYzV4b3pXblUrakxmYnJTcElUQU5CZ2txaGtpRzl3MEJBUXNGQUFPQ0FnRUFzVXdROGI0bDRxQ2hBNEgrelI1awpmZmZSSmFtRE9ITC9BY3huUzJhWUJzWGtFbDVXVWM5cVc5czdWMkRQS3lNdzFkc3RpN093S3hSUktVVVBEZ1JMCmE1d2t4c2pGbXU2aXJ2L1pxVWtPMTRhM3pySnBZZEwyQi84T1FiNFBlQm1XZVhwZWY3azJJVzR4QkdLcXNYbk4KdjI4MnA5b2xvYW5mZVA5YWR3VGtodkZjQTJSQ29HR2J2Z01OUjducjA3N2QxM083L2dLSEE2WDVQNUl1alRIMAoySTZOdHh3dEQ4QVV4OTN2aStLVG4yQU1FdWRqL2xTaXRtN2J6dmREYVVrSGdpMEsvNVVIM2dZTS9QUDJ4WjR5CjlyamlpeHZMZTFwT3RidzI2S0pvSEt3Y09NVWNFQTdBSTlSM2Y3OUV4TE1PdUFITVMwb1hDbkkrMDVyd2dYK2oKNHpqUUcrQU11OE1NNllWd3NPcjZlOEIycEs0dE91VkJrb3R1aXlOWUtYVkdOSUN2RnJ2d3RLVmRvWHlFcHhLbgpoVUZFWUhxQUMzNytOdlJNWk5sRU1jQkJ1TXlzZ3NGNzREaDF2ekxXVG9SNnN2MFhzL2t5bmxXL0s4dnFhU0pPCnE4UHZ2RStyQ1BoT0E5WmdQWDU4Q1MyOE1vNjJwSVBNb0grbi8yVnNaN0pZa1MxR3N6ajFaZjN2OG5qb21rdTUKVzBrRmtJQ1ZRWTVyYmZVa1VmNGhmbWJ6TEc3MkgwdG5FV0xXR1Yyd0ZEYU1GWWpyc1ZEaGtkWEVRV1lCZmFKUwovZ0h1WTVETzhvby9tTUVoYWdhWDNxSmw3L20zK2k0VEU0dUNEVU5OK3JZeHpKb3JOWjJwV1h5ZU1YVno4WlhyCjFPbndwdDdjRllHbE9lUHR0V2NtSnlJPQotLS0tLUVORCBDRVJUSUZJQ0FURS0tLS0tCg==\n    client-key-data: LS0tLS1CRUdJTiBSU0EgUFJJVkFURSBLRVktLS0tLQpNSUlKS0FJQkFBS0NBZ0VBMHkyNG5UNnFKVUdWK3RSdlNMdjBNUkl3aEgzZHZmdGZSa0Rjam1ZRDU1SUJhOFRhCkFxaDZ3SGJMU1NETTdMbnVkNVBFZElEbzcveTZlLzNmeTJ3WVlYb2FOTmhLZlVqN0g1czJJNHNRVVpuMFBEa3oKVVBra0JjekxTeUh1TTZzRDczcjVoVkdLaC80b3lFcnI5aFRKajN5UHRlNDhLWW9ZeDdZTjZiTHVRdi9lb2dieQplb3dmNjg4U0RPRmhaNFlOdFkxaUFhOXdsVVdSSHBrK3NjbXR0dE5vNWttVjJiTXE5WldYNEFZbHc3NFN4L3NvCmdJWDhSejk5NFl5a2J5dmQzOE5zeGpmaFpxbER0cW5aam9LVnMxdFk3WFNDV2pKNGUrTmdlQi90MFRBVW13S2YKM0s0QVR1NHVtUUJ5NDRFdXAyUmR6TEUwcm9jSlBkSWszRS9ya29WTVhoNTMvVytwWXFaZUpDRjFmeUx4YUJnSgpTTko4dHQyRkp5a0N2WEozcWpacUxrTlJzSmNEZWliVFZqalZKbmI5a0JhLythdG9pZXlEaUtGS0xmTHJjTG04CldnWWt1eCtwS3hIN1NOR3VsVXZGcTRNRmJVM3hDTTd4TjY2NVpMWnp0cHE1M1FieDZPV3ppK1lkYmptS1gxRUYKZndyTWdReHpDRDc5aU9vZWp4WjZqRkpmVTl5VWtZTzQ0TmpvWTdocUpDemdoVUpMTnJMNWNMdGhUSHVMTU1NMApTOWJIdGJIcmxCWUtiblFmSnh0dHFLWTR6blBYNEdvUkZubGlZeXUwUWgrelk5d1QraXpsaXpnTjJEcjJ6OEdRCkhuNGxCTWlWTjFnb3g5TDZ5cG8vVVZqcDU0QmpvWDlESGY1ZjNRS1VVb0RqMXgwL3U3WXkvMkc4OWlrQ0F3RUEKQVFLQ0FnQVpJTFA2aU92eHRDN0Npbi9GMzdCNEhNNFhXOHMwYVlwZUI0Wis3cXBaQmYxamk0ZzE0QUtBTDNwegpwSUtoeWVOelNNckw0cEZsQ2ZWT0h1aWYwY2hLWS84bGlkVitPQjZDZGFOZzRoR1NaaDlpd1pzbXI4aCtwSzVOCmJiZUVZQjFmSStxNEYzcGtnV1JzcGNhVE1NakZpU2luK1JXaFN6aDAzZ2VraHNrVlFaRW1CaTNZMFY3VWZoNkwKbUE5UkpFa3lFTVZJUmszL0F3aTRJM3VyWjhBaTlKK2pKRDhmaVBOTUJzMXNKNHNia2h5MXZUL0Y0RHVESmszRwpGbWd6L3J3ZlBhZU9JL1RPOUlYVlFMdGRldElSaGdWc05zeHlhMVk5QnBLU1pKazFocE16R1NJNHZkOFZSVC9YCjdvN2RIWUJWeEdwcFdtNFdkTVN2blpkTGZEcC9UTFpRcWxSRmoxVURDa1poMGkrZUZmR0wwTzZqajBJdkN1MysKb3h6bGNJWGlaRldEZWZtWXZBeFJzMzJpS2xQcnZRSjE3UVdUQXluYUZnV1J1WW81YWJqTG5IZnlrUjJBdFFvaQpSY2t3V210Mk80TXJLaEF5bDFEcUdzOXBmV09hRW15dVoySHNiVi9tU2Z3TnlWMjJtNmh1WnVyTWI2ZloyVGJFCmNXNVdEWis4TmpWVVYxaFE0b1R0SVpHYzN3YnRKcXlXM1E1eFJ5UTNzL29KTzEzZlFqY1BLY0RpdzZNcXA1cFUKMVJzNytnN2Y1eWU3VnY4NUlkSkMrcWZwVWxQUk1pUmpsZGRRVlN3NUpBYzZtWHI5U3NLVmJJVld2dTNtMGdkTQo4bGg5alBTci9tWlRNZlZ1bktiL0NLRS8vL25tOExxdXU1bGh1V2xkZmRoakhwWEZZUUtDQVFFQTg4S3JhNG9oClVNZjJrN0dybXErNDE5eDI4T2pIUEhxL2drQjFZYUNhd3d4VzBKMXAxWFVHWGpQU201Tng2Uis3bWVGaVZGazEKYUVOaW94K3pQbURZenVsVzJUK0N3TENyaDJhMDBTUVp3cE9paEdzT1hJOXI4NWE5Q1hHUXdyWC9GaUkzQmRndQoxdW5hekNONnJiT1gwZUx3Ty9yVWhDekd1Ri9qRG0vZDRqUWVvQ3pqazNHRkk5ZVVKeThwcFpDV2RUY0RyOUVjCkdDb3dxQVJKLzFZWG45OFR0Ym5hdERIVVhKZ1JNb0xKOEIxNk90TWw0dmxDVWRTVlJOT2l3NHRQZ0x1YURxNU8KSk16YkYrckZHQXZPcHhqRzk4OFpmUFVnWnRBUzZSdk4rR3BWaVYvNmd5STUrdkNoMEp5Zko2SjFFaEtnSjhrUgpGK01Rd2dPVzJzZUF5UUtDQVFFQTNjZzlmQWVoTXMwS04rMms5QTl4NWMxRjd0TFowdW1zOXJCb0JydWNsNUVsCm1tTEliU2RjK2QxeVQ0dFRqa2ZuWUR5UjkvbzF6K0Yvak14S0h0OUZzRDZMTE93dFlkc1pRL1FLZ1VCTHVoa2IKNi9raTdUUmRLbE1Ydms4RTY1ZDVrWkh4S203VUNwSmRMZGZ6MjZUN201bC9ETXVPN2xYNmkvNkI2VHlncVoxcgp5aitTKzZvZXZ3d29uZjV2VkpyVDFEZ3hqT2IwaWZXWXcxS0NLU1pRaEd1Zk9qOFZYL1hmaVFva1ZTenRSQitNCjZPTm9DNUFqQ3lmTkdYTTFrUWJZY2w1R0Fqbk1KTkR2NUIxYnlvTDhsT2piaU9uU0V5c0lsT1YzZ0ZNWXhZMEkKVUx2VkNOaytLQWRCQWJGY2k5WTlSVUx0Q0NxZmhSK0MrNEtJKzZyYVlRS0NBUUVBcVNNd2txUDd6Zk9TRXBVNwpmMC9pc0ZWWGFuMzZrT3FUSzZ2U1J2V0xyVDlJbGVSRDVVc1lLaEZIVjVBTmdEYjJreVdpZHVpWGVFc1pqQnFZCjR2V01PcllKL3lCa2Q1T2UwWXJnZUNYV2dmNnl5N01FK2hEQ1ZQa0pIaDVnMWRvMnI0TDZMdUg4VGo5aUJEZXkKRGdrSmxTY2tqbG5UVUF0SnIvRkl1V0hCMGcxY0dzUksvS25PT2pxQm9GYkhUUXh3ZWRDOGpDaEttREhlSlJjawp5VGxSbHlyUW9FM2ZoUnoyUDNGOHJWRzNFUmRERXNJa0RjUHEwcUR4R2hySFcydTB0Sngzbnl3dktMWEVhR29NCmJFejFEVmpSNW0wYlFHdE9Ha2pTZGxGR3I5SUluQk91M1lMSVBHanZ2cktPZEkvekw2RWc0N3BPVkFiSVAvY0IKbTdqR2tRS0NBUUJEUStsS0JmSmhPd2ovWDRkcE1vb0QvZGRaRVFCWjFOL056a0V1MFpZejdpVHVoMGxzdWNTYwpVQXJNajJCZlJmV3FIWlRVRmtKZDgzSEJIWERabmpRL3VTaHpEb3JSSkNlc2tZYmlIc01aQldhUGtuZUNaQ0JoCnB1UUxwMkhCcHFhTGZTMGRCcEl2UnFjV01XcFgwdGt4SDBRR2VISzRYTUZwMWw1R2hFbmlSOG1haE4rcWpyVlcKa25SN1B1RTdVdDR1Zm9DZzBLZVlkREhLQSt0UVdidVAvaWhEL1VBWlk3UlJsdzdmK29sWDRRM1cwS29NMzhHUgpMNWdvUU9ZZFAydEVmTTFVL1h5cUtlaW9Vak0xMzdhRjMzNCtMMVMwMVpkN3VZRWVIWlhrek5xWnllNWFDYkd0CmFFM1NHcDRNRjRWcnpWbWc0WFNTWnJWT1hRLzQ3Si9oQW9JQkFIYjUvMUgvZTlaY2x4QTdhNnNQem5HWWRnZW8KK2l3cS9EbWczNTJyd2h1TnZ2NTMzZDlIU1BhNlIzai8veTNQUTJnSGNiTkVvTmh3Ri9GV0tQQmh5bWxIYXJudgplQ09OTnZUcTlBcm1qT3hyVTFWSFcrUmduWlFraUJ2SEVKTnFtck9wK2QxYi80MnBsNHJxckNRTjRsdHlkODRxClVGMEszOWNXR0N0cVF1MVVUeWJYd1p4Y04xN1ZMWlpBRlpCb2NnZVptbGhxa3hoT1ZmY3J1T0ZSNU1jaTZudFQKcDlIVVpaS2grYWlOak5TVEpsTm9acURHVWMyQnRQd210SWRZcDBFVWp2a0lBWHd6VnNmN2YyeFJNdldSV21udQpER1JRcWYyckJmeWQwZ2J1T3FsSk1GMiswM0tzaE01Rm9sLzZBVDdNdXRRSGNjbG81MVp1V0dKMm1XND0KLS0tLS1FTkQgUlNBIFBSSVZBVEUgS0VZLS0tLS0K\n    token: wlbge1913p9gi7h5g5o4gb6qd13ia7ng0qioujq5yq5ov4dghj6i36qwj7kwg8uxk052dh2ngql3kaly0oy5e8xhqy6prrr3j6edbkfb61p1zqex0qfdinihu3agyoiy\n",
      "type": "string",
      "sensitive": true
    },
    "log_analytics_workspace_id": {
      "value": "/subscriptions/90266433-ff7d-467c-becb-788ee06b5e27/resourceGroups/helm-deployment-app-prod-rg/providers/Microsoft.OperationalInsights/workspaces/helm-deployment-app-prod-aks-logs",
      "type": "string"
    },
    "resource_group_name": {
      "value": "helm-deployment-app-prod-rg",
      "type": "string"
    },
    "vnet_id": {
      "value": "/subscriptions/90266433-ff7d-467c-becb-788ee06b5e27/resourceGroups/helm-deployment-app-prod-rg/providers/Microsoft.Network/virtualNetworks/helm-deployment-app-prod-vnet",
      "type": "string"
    }
  },
  "resources": [
    {
      "module": "module.acr",
      "mode": "managed",
      "type": "azurerm_container_registry",
      "name": "acr",
      "provider": "provider[\"registry.terraform.io/hashicorp/azurerm\"]",
      "instances": [
        {
          "schema_version": 2,
          "attributes": {
            "admin_enabled": false,
            "admin_password": "",
            "admin_username": "",
            "anonymous_pull_enabled": false,
            "data_endpoint_enabled": false,
            "data_endpoint_host_names": [],
            "encryption": [],
            "export_policy_enabled": true,
            "georeplications": [],
            "id": "/subscriptions/90266433-ff7d-467c-becb-788ee06b5e27/resourceGroups/helm-deployment-app-prod-rg/providers/Microsoft.ContainerRegistry/registries/helmdeploymentappprodacr",
            "identity": [],
            "location": "canadacentral",
            "login_server": "helmdeploymentappprodacr.azurecr.io",
            "name": "helmdeploymentappprodacr",
            "network_rule_bypass_option": "AzureServices",
            "network_rule_set": [
              {
                "default_action": "Allow",
                "ip_rule": []
              }
            ],
            "public_network_access_enabled": true,
            "quarantine_policy_enabled": false,
            "resource_group_name": "helm-deployment-app-prod-rg",
            "retention_policy_in_days": 0,
            "sku": "Premium",
            "tags": {
              "environment": "prod",
              "managed_by": "terraform",
              "owner": "vishal",
              "project": "helm-deployment-app"
            },
            "timeouts": null,
            "trust_policy_enabled": false,
            "zone_redundancy_enabled": false
          },
          "sensitive_attributes": [
            [
              {
                "type": "get_attr",
                "value": "admin_password"
              }
            ]
          ],
          "identity_schema_version": 0,
          "private": "eyJlMmJmYjczMC1lY2FhLTExZTYtOGY4OC0zNDM2M2JjN2M0YzAiOnsiY3JlYXRlIjoxODAwMDAwMDAwMDAwLCJkZWxldGUiOjE4MDAwMDAwMDAwMDAsInJlYWQiOjMwMDAwMDAwMDAwMCwidXBkYXRlIjoxODAwMDAwMDAwMDAwfSwic2NoZW1hX3ZlcnNpb24iOiIyIn0=",
          "dependencies": [
            "module.resource_group.azurerm_resource_group.rg"
          ]
        }
      ]
    },
    {
      "module": "module.aks",
      "mode": "managed",
      "type": "azurerm_kubernetes_cluster",
      "name": "aks",
      "provider": "provider[\"registry.terraform.io/hashicorp/azurerm\"]",
      "instances": [
        {
          "schema_version": 2,
          "attributes": {
            "aci_connector_linux": [],
            "ai_toolchain_operator_enabled": false,
            "api_server_access_profile": [],
            "auto_scaler_profile": [
              {
                "balance_similar_node_groups": false,
                "daemonset_eviction_for_empty_nodes_enabled": false,
                "daemonset_eviction_for_occupied_nodes_enabled": true,
                "empty_bulk_delete_max": "10",
                "expander": "random",
                "ignore_daemonsets_utilization_enabled": false,
                "max_graceful_termination_sec": "600",
                "max_node_provisioning_time": "15m",
                "max_unready_nodes": 3,
                "max_unready_percentage": 45,
                "new_pod_scale_up_delay": "0s",
                "scale_down_delay_after_add": "10m",
                "scale_down_delay_after_delete": "10s",
                "scale_down_delay_after_failure": "3m",
                "scale_down_unneeded": "10m",
                "scale_down_unready": "20m",
                "scale_down_utilization_threshold": "0.5",
                "scan_interval": "10s",
                "skip_nodes_with_local_storage": false,
                "skip_nodes_with_system_pods": true
              }
            ],
            "automatic_upgrade_channel": "",
            "azure_active_directory_role_based_access_control": [],
            "azure_policy_enabled": true,
            "bootstrap_profile": [
              {
                "artifact_source": "Direct",
                "container_registry_id": ""
              }
            ],
            "confidential_computing": [],
            "cost_analysis_enabled": false,
            "current_kubernetes_version": "1.33.7",
            "custom_ca_trust_certificates_base64": null,
            "default_node_pool": [
              {
                "auto_scaling_enabled": true,
                "capacity_reservation_group_id": "",
                "fips_enabled": false,
                "gpu_driver": "",
                "gpu_instance": "",
                "host_encryption_enabled": false,
                "host_group_id": "",
                "kubelet_config": [],
                "kubelet_disk_type": "OS",
                "linux_os_config": [],
                "max_count": 2,
                "max_pods": 30,
                "min_count": 1,
                "name": "system",
                "node_count": 1,
                "node_labels": {
                  "environment": "prod",
                  "nodepool-type": "system"
                },
                "node_network_profile": [],
                "node_public_ip_enabled": false,
                "node_public_ip_prefix_id": "",
                "only_critical_addons_enabled": false,
                "orchestrator_version": "1.33",
                "os_disk_size_gb": 30,
                "os_disk_type": "Managed",
                "os_sku": "Ubuntu",
                "pod_subnet_id": "",
                "proximity_placement_group_id": "",
                "scale_down_mode": "Delete",
                "snapshot_id": "",
                "tags": null,
                "temporary_name_for_rotation": "",
                "type": "VirtualMachineScaleSets",
                "ultra_ssd_enabled": false,
                "upgrade_settings": [
                  {
                    "drain_timeout_in_minutes": 0,
                    "max_surge": "10%",
                    "node_soak_duration_in_minutes": 0,
                    "undrainable_node_behavior": ""
                  }
                ],
                "vm_size": "Standard_D2s_v3",
                "vnet_subnet_id": "/subscriptions/90266433-ff7d-467c-becb-788ee06b5e27/resourceGroups/helm-deployment-app-prod-rg/providers/Microsoft.Network/virtualNetworks/helm-deployment-app-prod-vnet/subnets/pvt-subnet-0",
                "workload_runtime": "",
                "zones": null
              }
            ],
            "disk_encryption_set_id": "",
            "dns_prefix": "helm-deployment-app-prod-aks",
            "dns_prefix_private_cluster": "",
            "edge_zone": "",
            "fqdn": "helm-deployment-app-prod-aks-w516gm0d.hcp.canadacentral.azmk8s.io",
            "http_application_routing_enabled": false,
            "http_application_routing_zone_name": "",
            "http_proxy_config": [],
            "id": "/subscriptions/90266433-ff7d-467c-becb-788ee06b5e27/resourceGroups/helm-deployment-app-prod-rg/providers/Microsoft.ContainerService/managedClusters/helm-deployment-app-prod-aks",
            "identity": [
              {
                "identity_ids": null,
                "principal_id": "b917f461-8699-47a0-a668-c5027cf5d61c",
                "tenant_id": "239a8233-eefb-4602-8c3b-a118c80ec027",
                "type": "SystemAssigned"
              }
            ],
            "image_cleaner_enabled": null,
            "image_cleaner_interval_hours": null,
            "ingress_application_gateway": [],
            "key_management_service": [],
            "key_vault_secrets_provider": [],
            "kube_admin_config": [],
            "kube_admin_config_raw": "",
            "kube_config": [
              {
                "client_certificate": "LS0tLS1CRUdJTiBDRVJUSUZJQ0FURS0tLS0tCk1JSUZIVENDQXdXZ0F3SUJBZ0lRRE1aNndsMEExK2ZwNVUwenFHMkFiVEFOQmdrcWhraUc5dzBCQVFzRkFEQU4KTVFzd0NRWURWUVFERXdKallUQWVGdzB5TmpBek1EY3dPVEF4TVRaYUZ3MHlPREF6TURjd09URXhNVFphTURBeApGekFWQmdOVkJBb1REbk41YzNSbGJUcHRZWE4wWlhKek1SVXdFd1lEVlFRREV3eHRZWE4wWlhKamJHbGxiblF3CmdnSWlNQTBHQ1NxR1NJYjNEUUVCQVFVQUE0SUNEd0F3Z2dJS0FvSUNBUURUTGJpZFBxb2xRWlg2MUc5SXUvUXgKRWpDRWZkMjkrMTlHUU55T1pnUG5rZ0ZyeE5vQ3FIckFkc3RKSU16c3VlNTNrOFIwZ09qdi9McDcvZC9MYkJoaAplaG8wMkVwOVNQc2ZtellqaXhCUm1mUThPVE5RK1NRRnpNdExJZTR6cXdQdmV2bUZVWXFIL2lqSVN1djJGTW1QCmZJKzE3andwaWhqSHRnM3BzdTVDLzk2aUJ2SjZqQi9yenhJTTRXRm5oZzIxaldJQnIzQ1ZSWkVlbVQ2eHlhMjIKMDJqbVNaWFpzeXIxbFpmZ0JpWER2aExIK3lpQWhmeEhQMzNoaktSdks5M2Z3MnpHTitGbXFVTzJxZG1PZ3BXegpXMWp0ZElKYU1uaDc0MkI0SCszUk1CU2JBcC9jcmdCTzdpNlpBSExqZ1M2blpGM01zVFN1aHdrOTBpVGNUK3VTCmhVeGVIbmY5YjZsaXBsNGtJWFYvSXZGb0dBbEkwbnkyM1lVbktRSzljbmVxTm1vdVExR3dsd042SnROV09OVW0KZHYyUUZyLzVxMmlKN0lPSW9Vb3Q4dXR3dWJ4YUJpUzdINmtyRWZ0STBhNlZTOFdyZ3dWdFRmRUl6dkUzcnJsawp0bk8ybXJuZEJ2SG81Yk9MNWgxdU9ZcGZVUVYvQ3N5QkRITUlQdjJJNmg2UEZucU1VbDlUM0pTUmc3amcyT2hqCnVHb2tMT0NGUWtzMnN2bHd1MkZNZTRzd3d6Ukwxc2Uxc2V1VUZncHVkQjhuRzIyb3Bqak9jOWZnYWhFV2VXSmoKSzdSQ0g3TmozQlA2TE9XTE9BM1lPdmJQd1pBZWZpVUV5SlUzV0NqSDB2ckttajlSV09ubmdHT2hmME1kL2wvZApBcFJTZ09QWEhUKzd0akwvWWJ6MktRSURBUUFCbzFZd1ZEQU9CZ05WSFE4QkFmOEVCQU1DQmFBd0V3WURWUjBsCkJBd3dDZ1lJS3dZQkJRVUhBd0l3REFZRFZSMFRBUUgvQkFJd0FEQWZCZ05WSFNNRUdEQVdnQlNUQVVieHpDVy8KYzV4b3pXblUrakxmYnJTcElUQU5CZ2txaGtpRzl3MEJBUXNGQUFPQ0FnRUFzVXdROGI0bDRxQ2hBNEgrelI1awpmZmZSSmFtRE9ITC9BY3huUzJhWUJzWGtFbDVXVWM5cVc5czdWMkRQS3lNdzFkc3RpN093S3hSUktVVVBEZ1JMCmE1d2t4c2pGbXU2aXJ2L1pxVWtPMTRhM3pySnBZZEwyQi84T1FiNFBlQm1XZVhwZWY3azJJVzR4QkdLcXNYbk4KdjI4MnA5b2xvYW5mZVA5YWR3VGtodkZjQTJSQ29HR2J2Z01OUjducjA3N2QxM083L2dLSEE2WDVQNUl1alRIMAoySTZOdHh3dEQ4QVV4OTN2aStLVG4yQU1FdWRqL2xTaXRtN2J6dmREYVVrSGdpMEsvNVVIM2dZTS9QUDJ4WjR5CjlyamlpeHZMZTFwT3RidzI2S0pvSEt3Y09NVWNFQTdBSTlSM2Y3OUV4TE1PdUFITVMwb1hDbkkrMDVyd2dYK2oKNHpqUUcrQU11OE1NNllWd3NPcjZlOEIycEs0dE91VkJrb3R1aXlOWUtYVkdOSUN2RnJ2d3RLVmRvWHlFcHhLbgpoVUZFWUhxQUMzNytOdlJNWk5sRU1jQkJ1TXlzZ3NGNzREaDF2ekxXVG9SNnN2MFhzL2t5bmxXL0s4dnFhU0pPCnE4UHZ2RStyQ1BoT0E5WmdQWDU4Q1MyOE1vNjJwSVBNb0grbi8yVnNaN0pZa1MxR3N6ajFaZjN2OG5qb21rdTUKVzBrRmtJQ1ZRWTVyYmZVa1VmNGhmbWJ6TEc3MkgwdG5FV0xXR1Yyd0ZEYU1GWWpyc1ZEaGtkWEVRV1lCZmFKUwovZ0h1WTVETzhvby9tTUVoYWdhWDNxSmw3L20zK2k0VEU0dUNEVU5OK3JZeHpKb3JOWjJwV1h5ZU1YVno4WlhyCjFPbndwdDdjRllHbE9lUHR0V2NtSnlJPQotLS0tLUVORCBDRVJUSUZJQ0FURS0tLS0tCg==",
                "client_key": "LS0tLS1CRUdJTiBSU0EgUFJJVkFURSBLRVktLS0tLQpNSUlKS0FJQkFBS0NBZ0VBMHkyNG5UNnFKVUdWK3RSdlNMdjBNUkl3aEgzZHZmdGZSa0Rjam1ZRDU1SUJhOFRhCkFxaDZ3SGJMU1NETTdMbnVkNVBFZElEbzcveTZlLzNmeTJ3WVlYb2FOTmhLZlVqN0g1czJJNHNRVVpuMFBEa3oKVVBra0JjekxTeUh1TTZzRDczcjVoVkdLaC80b3lFcnI5aFRKajN5UHRlNDhLWW9ZeDdZTjZiTHVRdi9lb2dieQplb3dmNjg4U0RPRmhaNFlOdFkxaUFhOXdsVVdSSHBrK3NjbXR0dE5vNWttVjJiTXE5WldYNEFZbHc3NFN4L3NvCmdJWDhSejk5NFl5a2J5dmQzOE5zeGpmaFpxbER0cW5aam9LVnMxdFk3WFNDV2pKNGUrTmdlQi90MFRBVW13S2YKM0s0QVR1NHVtUUJ5NDRFdXAyUmR6TEUwcm9jSlBkSWszRS9ya29WTVhoNTMvVytwWXFaZUpDRjFmeUx4YUJnSgpTTko4dHQyRkp5a0N2WEozcWpacUxrTlJzSmNEZWliVFZqalZKbmI5a0JhLythdG9pZXlEaUtGS0xmTHJjTG04CldnWWt1eCtwS3hIN1NOR3VsVXZGcTRNRmJVM3hDTTd4TjY2NVpMWnp0cHE1M1FieDZPV3ppK1lkYmptS1gxRUYKZndyTWdReHpDRDc5aU9vZWp4WjZqRkpmVTl5VWtZTzQ0TmpvWTdocUpDemdoVUpMTnJMNWNMdGhUSHVMTU1NMApTOWJIdGJIcmxCWUtiblFmSnh0dHFLWTR6blBYNEdvUkZubGlZeXUwUWgrelk5d1QraXpsaXpnTjJEcjJ6OEdRCkhuNGxCTWlWTjFnb3g5TDZ5cG8vVVZqcDU0QmpvWDlESGY1ZjNRS1VVb0RqMXgwL3U3WXkvMkc4OWlrQ0F3RUEKQVFLQ0FnQVpJTFA2aU92eHRDN0Npbi9GMzdCNEhNNFhXOHMwYVlwZUI0Wis3cXBaQmYxamk0ZzE0QUtBTDNwegpwSUtoeWVOelNNckw0cEZsQ2ZWT0h1aWYwY2hLWS84bGlkVitPQjZDZGFOZzRoR1NaaDlpd1pzbXI4aCtwSzVOCmJiZUVZQjFmSStxNEYzcGtnV1JzcGNhVE1NakZpU2luK1JXaFN6aDAzZ2VraHNrVlFaRW1CaTNZMFY3VWZoNkwKbUE5UkpFa3lFTVZJUmszL0F3aTRJM3VyWjhBaTlKK2pKRDhmaVBOTUJzMXNKNHNia2h5MXZUL0Y0RHVESmszRwpGbWd6L3J3ZlBhZU9JL1RPOUlYVlFMdGRldElSaGdWc05zeHlhMVk5QnBLU1pKazFocE16R1NJNHZkOFZSVC9YCjdvN2RIWUJWeEdwcFdtNFdkTVN2blpkTGZEcC9UTFpRcWxSRmoxVURDa1poMGkrZUZmR0wwTzZqajBJdkN1MysKb3h6bGNJWGlaRldEZWZtWXZBeFJzMzJpS2xQcnZRSjE3UVdUQXluYUZnV1J1WW81YWJqTG5IZnlrUjJBdFFvaQpSY2t3V210Mk80TXJLaEF5bDFEcUdzOXBmV09hRW15dVoySHNiVi9tU2Z3TnlWMjJtNmh1WnVyTWI2ZloyVGJFCmNXNVdEWis4TmpWVVYxaFE0b1R0SVpHYzN3YnRKcXlXM1E1eFJ5UTNzL29KTzEzZlFqY1BLY0RpdzZNcXA1cFUKMVJzNytnN2Y1eWU3VnY4NUlkSkMrcWZwVWxQUk1pUmpsZGRRVlN3NUpBYzZtWHI5U3NLVmJJVld2dTNtMGdkTQo4bGg5alBTci9tWlRNZlZ1bktiL0NLRS8vL25tOExxdXU1bGh1V2xkZmRoakhwWEZZUUtDQVFFQTg4S3JhNG9oClVNZjJrN0dybXErNDE5eDI4T2pIUEhxL2drQjFZYUNhd3d4VzBKMXAxWFVHWGpQU201Tng2Uis3bWVGaVZGazEKYUVOaW94K3pQbURZenVsVzJUK0N3TENyaDJhMDBTUVp3cE9paEdzT1hJOXI4NWE5Q1hHUXdyWC9GaUkzQmRndQoxdW5hekNONnJiT1gwZUx3Ty9yVWhDekd1Ri9qRG0vZDRqUWVvQ3pqazNHRkk5ZVVKeThwcFpDV2RUY0RyOUVjCkdDb3dxQVJKLzFZWG45OFR0Ym5hdERIVVhKZ1JNb0xKOEIxNk90TWw0dmxDVWRTVlJOT2l3NHRQZ0x1YURxNU8KSk16YkYrckZHQXZPcHhqRzk4OFpmUFVnWnRBUzZSdk4rR3BWaVYvNmd5STUrdkNoMEp5Zko2SjFFaEtnSjhrUgpGK01Rd2dPVzJzZUF5UUtDQVFFQTNjZzlmQWVoTXMwS04rMms5QTl4NWMxRjd0TFowdW1zOXJCb0JydWNsNUVsCm1tTEliU2RjK2QxeVQ0dFRqa2ZuWUR5UjkvbzF6K0Yvak14S0h0OUZzRDZMTE93dFlkc1pRL1FLZ1VCTHVoa2IKNi9raTdUUmRLbE1Ydms4RTY1ZDVrWkh4S203VUNwSmRMZGZ6MjZUN201bC9ETXVPN2xYNmkvNkI2VHlncVoxcgp5aitTKzZvZXZ3d29uZjV2VkpyVDFEZ3hqT2IwaWZXWXcxS0NLU1pRaEd1Zk9qOFZYL1hmaVFva1ZTenRSQitNCjZPTm9DNUFqQ3lmTkdYTTFrUWJZY2w1R0Fqbk1KTkR2NUIxYnlvTDhsT2piaU9uU0V5c0lsT1YzZ0ZNWXhZMEkKVUx2VkNOaytLQWRCQWJGY2k5WTlSVUx0Q0NxZmhSK0MrNEtJKzZyYVlRS0NBUUVBcVNNd2txUDd6Zk9TRXBVNwpmMC9pc0ZWWGFuMzZrT3FUSzZ2U1J2V0xyVDlJbGVSRDVVc1lLaEZIVjVBTmdEYjJreVdpZHVpWGVFc1pqQnFZCjR2V01PcllKL3lCa2Q1T2UwWXJnZUNYV2dmNnl5N01FK2hEQ1ZQa0pIaDVnMWRvMnI0TDZMdUg4VGo5aUJEZXkKRGdrSmxTY2tqbG5UVUF0SnIvRkl1V0hCMGcxY0dzUksvS25PT2pxQm9GYkhUUXh3ZWRDOGpDaEttREhlSlJjawp5VGxSbHlyUW9FM2ZoUnoyUDNGOHJWRzNFUmRERXNJa0RjUHEwcUR4R2hySFcydTB0Sngzbnl3dktMWEVhR29NCmJFejFEVmpSNW0wYlFHdE9Ha2pTZGxGR3I5SUluQk91M1lMSVBHanZ2cktPZEkvekw2RWc0N3BPVkFiSVAvY0IKbTdqR2tRS0NBUUJEUStsS0JmSmhPd2ovWDRkcE1vb0QvZGRaRVFCWjFOL056a0V1MFpZejdpVHVoMGxzdWNTYwpVQXJNajJCZlJmV3FIWlRVRmtKZDgzSEJIWERabmpRL3VTaHpEb3JSSkNlc2tZYmlIc01aQldhUGtuZUNaQ0JoCnB1UUxwMkhCcHFhTGZTMGRCcEl2UnFjV01XcFgwdGt4SDBRR2VISzRYTUZwMWw1R2hFbmlSOG1haE4rcWpyVlcKa25SN1B1RTdVdDR1Zm9DZzBLZVlkREhLQSt0UVdidVAvaWhEL1VBWlk3UlJsdzdmK29sWDRRM1cwS29NMzhHUgpMNWdvUU9ZZFAydEVmTTFVL1h5cUtlaW9Vak0xMzdhRjMzNCtMMVMwMVpkN3VZRWVIWlhrek5xWnllNWFDYkd0CmFFM1NHcDRNRjRWcnpWbWc0WFNTWnJWT1hRLzQ3Si9oQW9JQkFIYjUvMUgvZTlaY2x4QTdhNnNQem5HWWRnZW8KK2l3cS9EbWczNTJyd2h1TnZ2NTMzZDlIU1BhNlIzai8veTNQUTJnSGNiTkVvTmh3Ri9GV0tQQmh5bWxIYXJudgplQ09OTnZUcTlBcm1qT3hyVTFWSFcrUmduWlFraUJ2SEVKTnFtck9wK2QxYi80MnBsNHJxckNRTjRsdHlkODRxClVGMEszOWNXR0N0cVF1MVVUeWJYd1p4Y04xN1ZMWlpBRlpCb2NnZVptbGhxa3hoT1ZmY3J1T0ZSNU1jaTZudFQKcDlIVVpaS2grYWlOak5TVEpsTm9acURHVWMyQnRQd210SWRZcDBFVWp2a0lBWHd6VnNmN2YyeFJNdldSV21udQpER1JRcWYyckJmeWQwZ2J1T3FsSk1GMiswM0tzaE01Rm9sLzZBVDdNdXRRSGNjbG81MVp1V0dKMm1XND0KLS0tLS1FTkQgUlNBIFBSSVZBVEUgS0VZLS0tLS0K",
                "cluster_ca_certificate": "LS0tLS1CRUdJTiBDRVJUSUZJQ0FURS0tLS0tCk1JSUU2VENDQXRHZ0F3SUJBZ0lSQUt5T0MvZWZKU2ZPQzM5b2xWV3kzWU13RFFZSktvWklodmNOQVFFTEJRQXcKRFRFTE1Ba0dBMVVFQXhNQ1kyRXdJQmNOTWpZd016QTNNRGt3TVRFMldoZ1BNakExTmpBek1EY3dPVEV4TVRaYQpNQTB4Q3pBSkJnTlZCQU1UQW1OaE1JSUNJakFOQmdrcWhraUc5dzBCQVFFRkFBT0NBZzhBTUlJQ0NnS0NBZ0VBCnZJTFNldjVzMk93SUtVTThoQnpGUTJoWGRlWjhxbDE5MWVmMFZBL0JVQURLQW5VbzY2UXQ5S2k0WmQvVUxZdSsKT1JjWHNDQkVUSDdVYW1wdzJYZjlITGdoL1FUQllYSEMrMW9RRXpuRzhvbG1JUlAyWWx1cE1ybWVDSW4wajV6MgpOeGE4SlR3WTc4ZHh3Tm16eG1VVXVOT0FpcnJmTVgwM2pkWm5ZR2s3eU0vYXFEOWwveHNxNFNPUmQ5SXNVbmtGCnpJaFROb2lNeU1wcEZNMzZON0JqRFVnMGNqdXZkbWYzNG9TT3BwTG9sbnYrcjdMUWRyM0o5L2duUjFHNzNrYW4KaGJabjdQaUJMSGJvWCswQllXRGRpQ0UzOGNqM2pIcGMxcXBMV0JTTUZnM2tPU0w2aUtFQXNnOWVvNmVwL1NXcgpZbit6UTlRcUhHb3ZtYXNCeTI1b1lMOExGbGJWVW9ZdHoxWG1nZFUvcm1BajQ5M1VqcXZJRzY5Qloxb0s0T0wyClk5YlNpYks4QmtLNVFjYUtMNmZ6L3NHN2NyaitTaG9oeTdnbm9iQ2FqVnVaWFdkaDJmRjFLdzNleXRiT1pueG0KV2YrNFZpTU5nNjUrMm5wYW9pQU5rRDNxZTMya0NuQWVpWjUvVmFMTHhLb3A4ZTg1T25tQ1FRcVBXS2NNK1FwTQpjNUl6QWJKV2t5VTFkbEo0MjdFU1o5RmNNNm1YQXl1UjdJYS9uSHhwSnd3aCt0dTNiZWhRWVVCbURGVmsxQy9MCitOaVpLdFJrem0vZmlKSWFlL3cyR0xwRFRtUEh4NnJJZGhOTDJ5SlNGWWMvUmdpWGw1am83OEIxdEVYUkUvVjIKVHRjdG9VaExJOVdSZEV2cTdWUGRka2l6cjc4bWRtSklSNERJVVhPQ2FTRUNBd0VBQWFOQ01FQXdEZ1lEVlIwUApBUUgvQkFRREFnS2tNQThHQTFVZEV3RUIvd1FGTUFNQkFmOHdIUVlEVlIwT0JCWUVGSk1CUnZITUpiOXpuR2pOCmFkVDZNdDl1dEtraE1BMEdDU3FHU0liM0RRRUJDd1VBQTRJQ0FRQ1pzY280NEF1Wno3RnlOWnluM3E3UHB4SnYKcE94d3RBaU1LTEpwd1VacGE2WWpuNUxpd0lTekVPRWRoRTY0cWtjWkhSdnFOM2w5eXZBUG1rVjI1SzU3YnVKbwppSGxvREFVaWlUOEhtSTNIOXlVdmRoZWZhRnZDakd6VDNxYThMZFVFTmhlb2s0ZXQyNTlGWmlWYVZuMEI4cUx3ClRkYitWOWVRWlNBdDhWaFVLbERPbDRaZ1dTWlZNT3Q5d240VTRQUmdoMUhYNEhiUTFXa2lYTnpvNkhiNGQwMEQKcDY4czBrV2NpajQranNCMms1Tkc1VEpiakRFTkdqWXF4Nmd3MnBoZzMrbzN3N0lEMmFYV3ptZXpUVXlxekxMWAo4d3JvRG1LTFRtSE5YallnM0xZQkUwbVJjMmh4T1ZaaVNhNGFLUE5WR3BVTmlzMWZrWVNWcU1GVDd4WTdibXBJCmRzT0hicHFlaEd5WDRMaFdkMVplb0N5N3E5L2tMSjdlanQwU2JtaDU5RkVsb0NEdEg1dHZpWXFmbUszNWJxMngKbW5VRG9KNzU3V3lMR01iYmFOeXVhSnVFZkdTRm5pU2NrdHk2YmNvaWJNNy8zWklmZFZYc1Z3clJmUzhHam9GdwpLOEV6Uno1VTRhN1VQdHhFa09Zb3pDeGxJbDY2dTRoTmhpRndPTk5yeU1oQ1BVN1d3OXZhSmZGUDRZRzdUWCtqCnFqSENodkJNcXFEWXdhaS96QlFYUlNNU0pGK2VCOHd4WkdSMU0yajhzWXYwWEM0Wi8zUmZiZFgxdG1YZ3FXTlcKUEI5dlppK1hDK0kvbzhtT3Y3SmtsakNaUXlZQUREVDZiTFRTbWppTFJKaHJsMEJhdSsrcVM3ZEFjdnQ4b2NHbApvR2NaRDdlalJzMGJoTmJqcHc9PQotLS0tLUVORCBDRVJUSUZJQ0FURS0tLS0tCg==",
                "host": "https://helm-deployment-app-prod-aks-w516gm0d.hcp.canadacentral.azmk8s.io:443",
                "password": "wlbge1913p9gi7h5g5o4gb6qd13ia7ng0qioujq5yq5ov4dghj6i36qwj7kwg8uxk052dh2ngql3kaly0oy5e8xhqy6prrr3j6edbkfb61p1zqex0qfdinihu3agyoiy",
                "username": "clusterUser_helm-deployment-app-prod-rg_helm-deployment-app-prod-aks"
              }
            ],
            "kube_config_raw": "apiVersion: v1\nclusters:\n- cluster:\n    certificate-authority-data: LS0tLS1CRUdJTiBDRVJUSUZJQ0FURS0tLS0tCk1JSUU2VENDQXRHZ0F3SUJBZ0lSQUt5T0MvZWZKU2ZPQzM5b2xWV3kzWU13RFFZSktvWklodmNOQVFFTEJRQXcKRFRFTE1Ba0dBMVVFQXhNQ1kyRXdJQmNOTWpZd016QTNNRGt3TVRFMldoZ1BNakExTmpBek1EY3dPVEV4TVRaYQpNQTB4Q3pBSkJnTlZCQU1UQW1OaE1JSUNJakFOQmdrcWhraUc5dzBCQVFFRkFBT0NBZzhBTUlJQ0NnS0NBZ0VBCnZJTFNldjVzMk93SUtVTThoQnpGUTJoWGRlWjhxbDE5MWVmMFZBL0JVQURLQW5VbzY2UXQ5S2k0WmQvVUxZdSsKT1JjWHNDQkVUSDdVYW1wdzJYZjlITGdoL1FUQllYSEMrMW9RRXpuRzhvbG1JUlAyWWx1cE1ybWVDSW4wajV6MgpOeGE4SlR3WTc4ZHh3Tm16eG1VVXVOT0FpcnJmTVgwM2pkWm5ZR2s3eU0vYXFEOWwveHNxNFNPUmQ5SXNVbmtGCnpJaFROb2lNeU1wcEZNMzZON0JqRFVnMGNqdXZkbWYzNG9TT3BwTG9sbnYrcjdMUWRyM0o5L2duUjFHNzNrYW4KaGJabjdQaUJMSGJvWCswQllXRGRpQ0UzOGNqM2pIcGMxcXBMV0JTTUZnM2tPU0w2aUtFQXNnOWVvNmVwL1NXcgpZbit6UTlRcUhHb3ZtYXNCeTI1b1lMOExGbGJWVW9ZdHoxWG1nZFUvcm1BajQ5M1VqcXZJRzY5Qloxb0s0T0wyClk5YlNpYks4QmtLNVFjYUtMNmZ6L3NHN2NyaitTaG9oeTdnbm9iQ2FqVnVaWFdkaDJmRjFLdzNleXRiT1pueG0KV2YrNFZpTU5nNjUrMm5wYW9pQU5rRDNxZTMya0NuQWVpWjUvVmFMTHhLb3A4ZTg1T25tQ1FRcVBXS2NNK1FwTQpjNUl6QWJKV2t5VTFkbEo0MjdFU1o5RmNNNm1YQXl1UjdJYS9uSHhwSnd3aCt0dTNiZWhRWVVCbURGVmsxQy9MCitOaVpLdFJrem0vZmlKSWFlL3cyR0xwRFRtUEh4NnJJZGhOTDJ5SlNGWWMvUmdpWGw1am83OEIxdEVYUkUvVjIKVHRjdG9VaExJOVdSZEV2cTdWUGRka2l6cjc4bWRtSklSNERJVVhPQ2FTRUNBd0VBQWFOQ01FQXdEZ1lEVlIwUApBUUgvQkFRREFnS2tNQThHQTFVZEV3RUIvd1FGTUFNQkFmOHdIUVlEVlIwT0JCWUVGSk1CUnZITUpiOXpuR2pOCmFkVDZNdDl1dEtraE1BMEdDU3FHU0liM0RRRUJDd1VBQTRJQ0FRQ1pzY280NEF1Wno3RnlOWnluM3E3UHB4SnYKcE94d3RBaU1LTEpwd1VacGE2WWpuNUxpd0lTekVPRWRoRTY0cWtjWkhSdnFOM2w5eXZBUG1rVjI1SzU3YnVKbwppSGxvREFVaWlUOEhtSTNIOXlVdmRoZWZhRnZDakd6VDNxYThMZFVFTmhlb2s0ZXQyNTlGWmlWYVZuMEI4cUx3ClRkYitWOWVRWlNBdDhWaFVLbERPbDRaZ1dTWlZNT3Q5d240VTRQUmdoMUhYNEhiUTFXa2lYTnpvNkhiNGQwMEQKcDY4czBrV2NpajQranNCMms1Tkc1VEpiakRFTkdqWXF4Nmd3MnBoZzMrbzN3N0lEMmFYV3ptZXpUVXlxekxMWAo4d3JvRG1LTFRtSE5YallnM0xZQkUwbVJjMmh4T1ZaaVNhNGFLUE5WR3BVTmlzMWZrWVNWcU1GVDd4WTdibXBJCmRzT0hicHFlaEd5WDRMaFdkMVplb0N5N3E5L2tMSjdlanQwU2JtaDU5RkVsb0NEdEg1dHZpWXFmbUszNWJxMngKbW5VRG9KNzU3V3lMR01iYmFOeXVhSnVFZkdTRm5pU2NrdHk2YmNvaWJNNy8zWklmZFZYc1Z3clJmUzhHam9GdwpLOEV6Uno1VTRhN1VQdHhFa09Zb3pDeGxJbDY2dTRoTmhpRndPTk5yeU1oQ1BVN1d3OXZhSmZGUDRZRzdUWCtqCnFqSENodkJNcXFEWXdhaS96QlFYUlNNU0pGK2VCOHd4WkdSMU0yajhzWXYwWEM0Wi8zUmZiZFgxdG1YZ3FXTlcKUEI5dlppK1hDK0kvbzhtT3Y3SmtsakNaUXlZQUREVDZiTFRTbWppTFJKaHJsMEJhdSsrcVM3ZEFjdnQ4b2NHbApvR2NaRDdlalJzMGJoTmJqcHc9PQotLS0tLUVORCBDRVJUSUZJQ0FURS0tLS0tCg==\n    server: https://helm-deployment-app-prod-aks-w516gm0d.hcp.canadacentral.azmk8s.io:443\n  name: helm-deployment-app-prod-aks\ncontexts:\n- context:\n    cluster: helm-deployment-app-prod-aks\n    user: clusterUser_helm-deployment-app-prod-rg_helm-deployment-app-prod-aks\n  name: helm-deployment-app-prod-aks\ncurrent-context: helm-deployment-app-prod-aks\nkind: Config\nusers:\n- name: clusterUser_helm-deployment-app-prod-rg_helm-deployment-app-prod-aks\n  user:\n    client-certificate-data: LS0tLS1CRUdJTiBDRVJUSUZJQ0FURS0tLS0tCk1JSUZIVENDQXdXZ0F3SUJBZ0lRRE1aNndsMEExK2ZwNVUwenFHMkFiVEFOQmdrcWhraUc5dzBCQVFzRkFEQU4KTVFzd0NRWURWUVFERXdKallUQWVGdzB5TmpBek1EY3dPVEF4TVRaYUZ3MHlPREF6TURjd09URXhNVFphTURBeApGekFWQmdOVkJBb1REbk41YzNSbGJUcHRZWE4wWlhKek1SVXdFd1lEVlFRREV3eHRZWE4wWlhKamJHbGxiblF3CmdnSWlNQTBHQ1NxR1NJYjNEUUVCQVFVQUE0SUNEd0F3Z2dJS0FvSUNBUURUTGJpZFBxb2xRWlg2MUc5SXUvUXgKRWpDRWZkMjkrMTlHUU55T1pnUG5rZ0ZyeE5vQ3FIckFkc3RKSU16c3VlNTNrOFIwZ09qdi9McDcvZC9MYkJoaAplaG8wMkVwOVNQc2ZtellqaXhCUm1mUThPVE5RK1NRRnpNdExJZTR6cXdQdmV2bUZVWXFIL2lqSVN1djJGTW1QCmZJKzE3andwaWhqSHRnM3BzdTVDLzk2aUJ2SjZqQi9yenhJTTRXRm5oZzIxaldJQnIzQ1ZSWkVlbVQ2eHlhMjIKMDJqbVNaWFpzeXIxbFpmZ0JpWER2aExIK3lpQWhmeEhQMzNoaktSdks5M2Z3MnpHTitGbXFVTzJxZG1PZ3BXegpXMWp0ZElKYU1uaDc0MkI0SCszUk1CU2JBcC9jcmdCTzdpNlpBSExqZ1M2blpGM01zVFN1aHdrOTBpVGNUK3VTCmhVeGVIbmY5YjZsaXBsNGtJWFYvSXZGb0dBbEkwbnkyM1lVbktRSzljbmVxTm1vdVExR3dsd042SnROV09OVW0KZHYyUUZyLzVxMmlKN0lPSW9Vb3Q4dXR3dWJ4YUJpUzdINmtyRWZ0STBhNlZTOFdyZ3dWdFRmRUl6dkUzcnJsawp0bk8ybXJuZEJ2SG81Yk9MNWgxdU9ZcGZVUVYvQ3N5QkRITUlQdjJJNmg2UEZucU1VbDlUM0pTUmc3amcyT2hqCnVHb2tMT0NGUWtzMnN2bHd1MkZNZTRzd3d6Ukwxc2Uxc2V1VUZncHVkQjhuRzIyb3Bqak9jOWZnYWhFV2VXSmoKSzdSQ0g3TmozQlA2TE9XTE9BM1lPdmJQd1pBZWZpVUV5SlUzV0NqSDB2ckttajlSV09ubmdHT2hmME1kL2wvZApBcFJTZ09QWEhUKzd0akwvWWJ6MktRSURBUUFCbzFZd1ZEQU9CZ05WSFE4QkFmOEVCQU1DQmFBd0V3WURWUjBsCkJBd3dDZ1lJS3dZQkJRVUhBd0l3REFZRFZSMFRBUUgvQkFJd0FEQWZCZ05WSFNNRUdEQVdnQlNUQVVieHpDVy8KYzV4b3pXblUrakxmYnJTcElUQU5CZ2txaGtpRzl3MEJBUXNGQUFPQ0FnRUFzVXdROGI0bDRxQ2hBNEgrelI1awpmZmZSSmFtRE9ITC9BY3huUzJhWUJzWGtFbDVXVWM5cVc5czdWMkRQS3lNdzFkc3RpN093S3hSUktVVVBEZ1JMCmE1d2t4c2pGbXU2aXJ2L1pxVWtPMTRhM3pySnBZZEwyQi84T1FiNFBlQm1XZVhwZWY3azJJVzR4QkdLcXNYbk4KdjI4MnA5b2xvYW5mZVA5YWR3VGtodkZjQTJSQ29HR2J2Z01OUjducjA3N2QxM083L2dLSEE2WDVQNUl1alRIMAoySTZOdHh3dEQ4QVV4OTN2aStLVG4yQU1FdWRqL2xTaXRtN2J6dmREYVVrSGdpMEsvNVVIM2dZTS9QUDJ4WjR5CjlyamlpeHZMZTFwT3RidzI2S0pvSEt3Y09NVWNFQTdBSTlSM2Y3OUV4TE1PdUFITVMwb1hDbkkrMDVyd2dYK2oKNHpqUUcrQU11OE1NNllWd3NPcjZlOEIycEs0dE91VkJrb3R1aXlOWUtYVkdOSUN2RnJ2d3RLVmRvWHlFcHhLbgpoVUZFWUhxQUMzNytOdlJNWk5sRU1jQkJ1TXlzZ3NGNzREaDF2ekxXVG9SNnN2MFhzL2t5bmxXL0s4dnFhU0pPCnE4UHZ2RStyQ1BoT0E5WmdQWDU4Q1MyOE1vNjJwSVBNb0grbi8yVnNaN0pZa1MxR3N6ajFaZjN2OG5qb21rdTUKVzBrRmtJQ1ZRWTVyYmZVa1VmNGhmbWJ6TEc3MkgwdG5FV0xXR1Yyd0ZEYU1GWWpyc1ZEaGtkWEVRV1lCZmFKUwovZ0h1WTVETzhvby9tTUVoYWdhWDNxSmw3L20zK2k0VEU0dUNEVU5OK3JZeHpKb3JOWjJwV1h5ZU1YVno4WlhyCjFPbndwdDdjRllHbE9lUHR0V2NtSnlJPQotLS0tLUVORCBDRVJUSUZJQ0FURS0tLS0tCg==\n    client-key-data: LS0tLS1CRUdJTiBSU0EgUFJJVkFURSBLRVktLS0tLQpNSUlKS0FJQkFBS0NBZ0VBMHkyNG5UNnFKVUdWK3RSdlNMdjBNUkl3aEgzZHZmdGZSa0Rjam1ZRDU1SUJhOFRhCkFxaDZ3SGJMU1NETTdMbnVkNVBFZElEbzcveTZlLzNmeTJ3WVlYb2FOTmhLZlVqN0g1czJJNHNRVVpuMFBEa3oKVVBra0JjekxTeUh1TTZzRDczcjVoVkdLaC80b3lFcnI5aFRKajN5UHRlNDhLWW9ZeDdZTjZiTHVRdi9lb2dieQplb3dmNjg4U0RPRmhaNFlOdFkxaUFhOXdsVVdSSHBrK3NjbXR0dE5vNWttVjJiTXE5WldYNEFZbHc3NFN4L3NvCmdJWDhSejk5NFl5a2J5dmQzOE5zeGpmaFpxbER0cW5aam9LVnMxdFk3WFNDV2pKNGUrTmdlQi90MFRBVW13S2YKM0s0QVR1NHVtUUJ5NDRFdXAyUmR6TEUwcm9jSlBkSWszRS9ya29WTVhoNTMvVytwWXFaZUpDRjFmeUx4YUJnSgpTTko4dHQyRkp5a0N2WEozcWpacUxrTlJzSmNEZWliVFZqalZKbmI5a0JhLythdG9pZXlEaUtGS0xmTHJjTG04CldnWWt1eCtwS3hIN1NOR3VsVXZGcTRNRmJVM3hDTTd4TjY2NVpMWnp0cHE1M1FieDZPV3ppK1lkYmptS1gxRUYKZndyTWdReHpDRDc5aU9vZWp4WjZqRkpmVTl5VWtZTzQ0TmpvWTdocUpDemdoVUpMTnJMNWNMdGhUSHVMTU1NMApTOWJIdGJIcmxCWUtiblFmSnh0dHFLWTR6blBYNEdvUkZubGlZeXUwUWgrelk5d1QraXpsaXpnTjJEcjJ6OEdRCkhuNGxCTWlWTjFnb3g5TDZ5cG8vVVZqcDU0QmpvWDlESGY1ZjNRS1VVb0RqMXgwL3U3WXkvMkc4OWlrQ0F3RUEKQVFLQ0FnQVpJTFA2aU92eHRDN0Npbi9GMzdCNEhNNFhXOHMwYVlwZUI0Wis3cXBaQmYxamk0ZzE0QUtBTDNwegpwSUtoeWVOelNNckw0cEZsQ2ZWT0h1aWYwY2hLWS84bGlkVitPQjZDZGFOZzRoR1NaaDlpd1pzbXI4aCtwSzVOCmJiZUVZQjFmSStxNEYzcGtnV1JzcGNhVE1NakZpU2luK1JXaFN6aDAzZ2VraHNrVlFaRW1CaTNZMFY3VWZoNkwKbUE5UkpFa3lFTVZJUmszL0F3aTRJM3VyWjhBaTlKK2pKRDhmaVBOTUJzMXNKNHNia2h5MXZUL0Y0RHVESmszRwpGbWd6L3J3ZlBhZU9JL1RPOUlYVlFMdGRldElSaGdWc05zeHlhMVk5QnBLU1pKazFocE16R1NJNHZkOFZSVC9YCjdvN2RIWUJWeEdwcFdtNFdkTVN2blpkTGZEcC9UTFpRcWxSRmoxVURDa1poMGkrZUZmR0wwTzZqajBJdkN1MysKb3h6bGNJWGlaRldEZWZtWXZBeFJzMzJpS2xQcnZRSjE3UVdUQXluYUZnV1J1WW81YWJqTG5IZnlrUjJBdFFvaQpSY2t3V210Mk80TXJLaEF5bDFEcUdzOXBmV09hRW15dVoySHNiVi9tU2Z3TnlWMjJtNmh1WnVyTWI2ZloyVGJFCmNXNVdEWis4TmpWVVYxaFE0b1R0SVpHYzN3YnRKcXlXM1E1eFJ5UTNzL29KTzEzZlFqY1BLY0RpdzZNcXA1cFUKMVJzNytnN2Y1eWU3VnY4NUlkSkMrcWZwVWxQUk1pUmpsZGRRVlN3NUpBYzZtWHI5U3NLVmJJVld2dTNtMGdkTQo4bGg5alBTci9tWlRNZlZ1bktiL0NLRS8vL25tOExxdXU1bGh1V2xkZmRoakhwWEZZUUtDQVFFQTg4S3JhNG9oClVNZjJrN0dybXErNDE5eDI4T2pIUEhxL2drQjFZYUNhd3d4VzBKMXAxWFVHWGpQU201Tng2Uis3bWVGaVZGazEKYUVOaW94K3pQbURZenVsVzJUK0N3TENyaDJhMDBTUVp3cE9paEdzT1hJOXI4NWE5Q1hHUXdyWC9GaUkzQmRndQoxdW5hekNONnJiT1gwZUx3Ty9yVWhDekd1Ri9qRG0vZDRqUWVvQ3pqazNHRkk5ZVVKeThwcFpDV2RUY0RyOUVjCkdDb3dxQVJKLzFZWG45OFR0Ym5hdERIVVhKZ1JNb0xKOEIxNk90TWw0dmxDVWRTVlJOT2l3NHRQZ0x1YURxNU8KSk16YkYrckZHQXZPcHhqRzk4OFpmUFVnWnRBUzZSdk4rR3BWaVYvNmd5STUrdkNoMEp5Zko2SjFFaEtnSjhrUgpGK01Rd2dPVzJzZUF5UUtDQVFFQTNjZzlmQWVoTXMwS04rMms5QTl4NWMxRjd0TFowdW1zOXJCb0JydWNsNUVsCm1tTEliU2RjK2QxeVQ0dFRqa2ZuWUR5UjkvbzF6K0Yvak14S0h0OUZzRDZMTE93dFlkc1pRL1FLZ1VCTHVoa2IKNi9raTdUUmRLbE1Ydms4RTY1ZDVrWkh4S203VUNwSmRMZGZ6MjZUN201bC9ETXVPN2xYNmkvNkI2VHlncVoxcgp5aitTKzZvZXZ3d29uZjV2VkpyVDFEZ3hqT2IwaWZXWXcxS0NLU1pRaEd1Zk9qOFZYL1hmaVFva1ZTenRSQitNCjZPTm9DNUFqQ3lmTkdYTTFrUWJZY2w1R0Fqbk1KTkR2NUIxYnlvTDhsT2piaU9uU0V5c0lsT1YzZ0ZNWXhZMEkKVUx2VkNOaytLQWRCQWJGY2k5WTlSVUx0Q0NxZmhSK0MrNEtJKzZyYVlRS0NBUUVBcVNNd2txUDd6Zk9TRXBVNwpmMC9pc0ZWWGFuMzZrT3FUSzZ2U1J2V0xyVDlJbGVSRDVVc1lLaEZIVjVBTmdEYjJreVdpZHVpWGVFc1pqQnFZCjR2V01PcllKL3lCa2Q1T2UwWXJnZUNYV2dmNnl5N01FK2hEQ1ZQa0pIaDVnMWRvMnI0TDZMdUg4VGo5aUJEZXkKRGdrSmxTY2tqbG5UVUF0SnIvRkl1V0hCMGcxY0dzUksvS25PT2pxQm9GYkhUUXh3ZWRDOGpDaEttREhlSlJjawp5VGxSbHlyUW9FM2ZoUnoyUDNGOHJWRzNFUmRERXNJa0RjUHEwcUR4R2hySFcydTB0Sngzbnl3dktMWEVhR29NCmJFejFEVmpSNW0wYlFHdE9Ha2pTZGxGR3I5SUluQk91M1lMSVBHanZ2cktPZEkvekw2RWc0N3BPVkFiSVAvY0IKbTdqR2tRS0NBUUJEUStsS0JmSmhPd2ovWDRkcE1vb0QvZGRaRVFCWjFOL056a0V1MFpZejdpVHVoMGxzdWNTYwpVQXJNajJCZlJmV3FIWlRVRmtKZDgzSEJIWERabmpRL3VTaHpEb3JSSkNlc2tZYmlIc01aQldhUGtuZUNaQ0JoCnB1UUxwMkhCcHFhTGZTMGRCcEl2UnFjV01XcFgwdGt4SDBRR2VISzRYTUZwMWw1R2hFbmlSOG1haE4rcWpyVlcKa25SN1B1RTdVdDR1Zm9DZzBLZVlkREhLQSt0UVdidVAvaWhEL1VBWlk3UlJsdzdmK29sWDRRM1cwS29NMzhHUgpMNWdvUU9ZZFAydEVmTTFVL1h5cUtlaW9Vak0xMzdhRjMzNCtMMVMwMVpkN3VZRWVIWlhrek5xWnllNWFDYkd0CmFFM1NHcDRNRjRWcnpWbWc0WFNTWnJWT1hRLzQ3Si9oQW9JQkFIYjUvMUgvZTlaY2x4QTdhNnNQem5HWWRnZW8KK2l3cS9EbWczNTJyd2h1TnZ2NTMzZDlIU1BhNlIzai8veTNQUTJnSGNiTkVvTmh3Ri9GV0tQQmh5bWxIYXJudgplQ09OTnZUcTlBcm1qT3hyVTFWSFcrUmduWlFraUJ2SEVKTnFtck9wK2QxYi80MnBsNHJxckNRTjRsdHlkODRxClVGMEszOWNXR0N0cVF1MVVUeWJYd1p4Y04xN1ZMWlpBRlpCb2NnZVptbGhxa3hoT1ZmY3J1T0ZSNU1jaTZudFQKcDlIVVpaS2grYWlOak5TVEpsTm9acURHVWMyQnRQd210SWRZcDBFVWp2a0lBWHd6VnNmN2YyeFJNdldSV21udQpER1JRcWYyckJmeWQwZ2J1T3FsSk1GMiswM0tzaE01Rm9sLzZBVDdNdXRRSGNjbG81MVp1V0dKMm1XND0KLS0tLS1FTkQgUlNBIFBSSVZBVEUgS0VZLS0tLS0K\n    token: wlbge1913p9gi7h5g5o4gb6qd13ia7ng0qioujq5yq5ov4dghj6i36qwj7kwg8uxk052dh2ngql3kaly0oy5e8xhqy6prrr3j6edbkfb61p1zqex0qfdinihu3agyoiy\n",
            "kubelet_identity": [
              {
                "client_id": "7ccf0021-9b31-40d3-a097-d19e7a762910",
                "object_id": "24e470cf-9dd2-4258-8d7c-486204e890b2",
                "user_assigned_identity_id": "/subscriptions/90266433-ff7d-467c-becb-788ee06b5e27/resourceGroups/MC_helm-deployment-app-prod-rg_helm-deployment-app-prod-aks_canadacentral/providers/Microsoft.ManagedIdentity/userAssignedIdentities/helm-deployment-app-prod-aks-agentpool"
              }
            ],
            "kubernetes_version": "1.33",
            "linux_profile": [],
            "local_account_disabled": false,
            "location": "canadacentral",
            "maintenance_window": [],
            "maintenance_window_auto_upgrade": [],
            "maintenance_window_node_os": [],
            "microsoft_defender": [],
            "monitor_metrics": [],
            "name": "helm-deployment-app-prod-aks",
            "network_profile": [
              {
                "advanced_networking": [],
                "dns_service_ip": "172.16.0.10",
                "ip_versions": [
                  "IPv4"
                ],
                "load_balancer_profile": [
                  {
                    "backend_pool_type": "NodeIPConfiguration",
                    "effective_outbound_ips": [
                      "/subscriptions/90266433-ff7d-467c-becb-788ee06b5e27/resourceGroups/MC_helm-deployment-app-prod-rg_helm-deployment-app-prod-aks_canadacentral/providers/Microsoft.Network/publicIPAddresses/2f40a8ef-1c7b-440e-837c-85f4055f19fa"
                    ],
                    "idle_timeout_in_minutes": 0,
                    "managed_outbound_ip_count": 1,
                    "managed_outbound_ipv6_count": 0,
                    "outbound_ip_address_ids": [],
                    "outbound_ip_prefix_ids": [],
                    "outbound_ports_allocated": 0
                  }
                ],
                "load_balancer_sku": "standard",
                "nat_gateway_profile": [],
                "network_data_plane": "azure",
                "network_mode": "",
                "network_plugin": "azure",
                "network_plugin_mode": "",
                "network_policy": "",
                "outbound_type": "loadBalancer",
                "pod_cidr": "",
                "pod_cidrs": [],
                "service_cidr": "172.16.0.0/16",
                "service_cidrs": [
                  "172.16.0.0/16"
                ]
              }
            ],
            "node_os_upgrade_channel": "NodeImage",
            "node_provisioning_profile": [
              {
                "default_node_pools": "Auto",
                "mode": "Manual"
              }
            ],
            "node_resource_group": "MC_helm-deployment-app-prod-rg_helm-deployment-app-prod-aks_canadacentral",
            "node_resource_group_id": "/subscriptions/90266433-ff7d-467c-becb-788ee06b5e27/resourceGroups/MC_helm-deployment-app-prod-rg_helm-deployment-app-prod-aks_canadacentral",
            "oidc_issuer_enabled": false,
            "oidc_issuer_url": "",
            "oms_agent": [
              {
                "log_analytics_workspace_id": "/subscriptions/90266433-ff7d-467c-becb-788ee06b5e27/resourceGroups/helm-deployment-app-prod-rg/providers/Microsoft.OperationalInsights/workspaces/helm-deployment-app-prod-aks-logs",
                "msi_auth_for_monitoring_enabled": false,
                "oms_agent_identity": [
                  {
                    "client_id": "ce6d8dfd-ea0b-45c1-a0da-d1d70406d60f",
                    "object_id": "b13e2c60-334c-4cb6-bf45-55f5821c954a",
                    "user_assigned_identity_id": "/subscriptions/90266433-ff7d-467c-becb-788ee06b5e27/resourcegroups/MC_helm-deployment-app-prod-rg_helm-deployment-app-prod-aks_canadacentral/providers/Microsoft.ManagedIdentity/userAssignedIdentities/omsagent-helm-deployment-app-prod-aks"
                  }
                ]
              }
            ],
            "open_service_mesh_enabled": false,
            "portal_fqdn": "helm-deployment-app-prod-aks-w516gm0d.portal.hcp.canadacentral.azmk8s.io",
            "private_cluster_enabled": false,
            "private_cluster_public_fqdn_enabled": false,
            "private_dns_zone_id": "",
            "private_fqdn": "",
            "resource_group_name": "helm-deployment-app-prod-rg",
            "role_based_access_control_enabled": true,
            "run_command_enabled": true,
            "service_mesh_profile": [],
            "service_principal": [],
            "sku_tier": "Standard",
            "storage_profile": [],
            "support_plan": "KubernetesOfficial",
            "tags": {
              "environment": "prod",
              "managed_by": "terraform",
              "owner": "vishal",
              "project": "helm-deployment-app"
            },
            "timeouts": null,
            "upgrade_override": [],
            "web_app_routing": [],
            "windows_profile": [
              {
                "admin_password": "",
                "admin_username": "azureuser",
                "gmsa": [],
                "license": ""
              }
            ],
            "workload_autoscaler_profile": [],
            "workload_identity_enabled": false
          },
          "sensitive_attributes": [
            [
              {
                "type": "get_attr",
                "value": "kube_admin_config"
              }
            ],
            [
              {
                "type": "get_attr",
                "value": "kube_admin_config_raw"
              }
            ],
            [
              {
                "type": "get_attr",
                "value": "kube_config"
              }
            ],
            [
              {
                "type": "get_attr",
                "value": "kube_config_raw"
              }
            ],
            [
              {
                "type": "get_attr",
                "value": "windows_profile"
              },
              {
                "type": "index",
                "value": {
                  "value": 0,
                  "type": "number"
                }
              },
              {
                "type": "get_attr",
                "value": "admin_password"
              }
            ]
          ],
          "identity_schema_version": 0,
          "private": "eyJlMmJmYjczMC1lY2FhLTExZTYtOGY4OC0zNDM2M2JjN2M0YzAiOnsiY3JlYXRlIjo1NDAwMDAwMDAwMDAwLCJkZWxldGUiOjU0MDAwMDAwMDAwMDAsInJlYWQiOjMwMDAwMDAwMDAwMCwidXBkYXRlIjo1NDAwMDAwMDAwMDAwfSwic2NoZW1hX3ZlcnNpb24iOiIyIn0=",
          "dependencies": [
            "module.aks.azurerm_log_analytics_workspace.aks",
            "module.resource_group.azurerm_resource_group.rg",
            "module.vnet.azurerm_subnet.private",
            "module.vnet.azurerm_virtual_network.vnet"
          ]
        }
      ]
    },
    {
      "module": "module.aks",
      "mode": "managed",
      "type": "azurerm_kubernetes_cluster_node_pool",
      "name": "db",
      "provider": "provider[\"registry.terraform.io/hashicorp/azurerm\"]",
      "instances": [
        {
          "schema_version": 1,
          "attributes": {
            "auto_scaling_enabled": true,
            "capacity_reservation_group_id": "",
            "eviction_policy": "",
            "fips_enabled": false,
            "gpu_driver": null,
            "gpu_instance": null,
            "host_encryption_enabled": false,
            "host_group_id": "",
            "id": "/subscriptions/90266433-ff7d-467c-becb-788ee06b5e27/resourceGroups/helm-deployment-app-prod-rg/providers/Microsoft.ContainerService/managedClusters/helm-deployment-app-prod-aks/agentPools/db",
            "kubelet_config": [],
            "kubelet_disk_type": "OS",
            "kubernetes_cluster_id": "/subscriptions/90266433-ff7d-467c-becb-788ee06b5e27/resourceGroups/helm-deployment-app-prod-rg/providers/Microsoft.ContainerService/managedClusters/helm-deployment-app-prod-aks",
            "linux_os_config": [],
            "max_count": 2,
            "max_pods": 30,
            "min_count": 1,
            "mode": "User",
            "name": "db",
            "node_count": 1,
            "node_labels": {
              "app": "db",
              "environment": "prod"
            },
            "node_network_profile": [],
            "node_public_ip_enabled": false,
            "node_public_ip_prefix_id": "",
            "node_taints": null,
            "orchestrator_version": "1.33",
            "os_disk_size_gb": 30,
            "os_disk_type": "Managed",
            "os_sku": "Ubuntu",
            "os_type": "Linux",
            "pod_subnet_id": "",
            "priority": "Regular",
            "proximity_placement_group_id": "",
            "scale_down_mode": "Delete",
            "snapshot_id": null,
            "spot_max_price": -1,
            "tags": null,
            "temporary_name_for_rotation": null,
            "timeouts": null,
            "ultra_ssd_enabled": false,
            "upgrade_settings": [
              {
                "drain_timeout_in_minutes": 0,
                "max_surge": "10%",
                "max_unavailable": "",
                "node_soak_duration_in_minutes": 0,
                "undrainable_node_behavior": ""
              }
            ],
            "vm_size": "Standard_D2s_v3",
            "vnet_subnet_id": "/subscriptions/90266433-ff7d-467c-becb-788ee06b5e27/resourceGroups/helm-deployment-app-prod-rg/providers/Microsoft.Network/virtualNetworks/helm-deployment-app-prod-vnet/subnets/pvt-subnet-2",
            "windows_profile": [],
            "workload_runtime": null,
            "zones": null
          },
          "sensitive_attributes": [],
          "identity_schema_version": 0,
          "private": "eyJlMmJmYjczMC1lY2FhLTExZTYtOGY4OC0zNDM2M2JjN2M0YzAiOnsiY3JlYXRlIjozNjAwMDAwMDAwMDAwLCJkZWxldGUiOjM2MDAwMDAwMDAwMDAsInJlYWQiOjMwMDAwMDAwMDAwMCwidXBkYXRlIjozNjAwMDAwMDAwMDAwfSwic2NoZW1hX3ZlcnNpb24iOiIxIn0=",
          "dependencies": [
            "module.aks.azurerm_kubernetes_cluster.aks",
            "module.aks.azurerm_log_analytics_workspace.aks",
            "module.resource_group.azurerm_resource_group.rg",
            "module.vnet.azurerm_subnet.private",
            "module.vnet.azurerm_virtual_network.vnet"
          ]
        }
      ]
    },
    {
      "module": "module.aks",
      "mode": "managed",
      "type": "azurerm_log_analytics_workspace",
      "name": "aks",
      "provider": "provider[\"registry.terraform.io/hashicorp/azurerm\"]",
      "instances": [
        {
          "schema_version": 3,
          "attributes": {
            "allow_resource_only_permissions": true,
            "cmk_for_query_forced": false,
            "daily_quota_gb": -1,
            "data_collection_rule_id": "",
            "id": "/subscriptions/90266433-ff7d-467c-becb-788ee06b5e27/resourceGroups/helm-deployment-app-prod-rg/providers/Microsoft.OperationalInsights/workspaces/helm-deployment-app-prod-aks-logs",
            "identity": [],
            "immediate_data_purge_on_30_days_enabled": false,
            "internet_ingestion_enabled": true,
            "internet_query_enabled": true,
            "local_authentication_disabled": false,
            "local_authentication_enabled": true,
            "location": "canadacentral",
            "name": "helm-deployment-app-prod-aks-logs",
            "primary_shared_key": "kVE0ydWlY7aNr00p/Kv0NnZu+Jw9aYu/DJVrdFNpoY93qBs6Xg7s0G4hIw3GIiiDzlNy6Dk8pGb5V9Kte0UNwg==",
            "reservation_capacity_in_gb_per_day": null,
            "resource_group_name": "helm-deployment-app-prod-rg",
            "retention_in_days": 30,
            "secondary_shared_key": "+KzxkG53NgbvCsrFLshbUBTffYu48en8Q2Ppb3ICFUKRQuEEp5udlU5Z/RTma5+fWC6kr1lV/5oeZ8k/hNOpcw==",
            "sku": "PerGB2018",
            "tags": {
              "environment": "prod",
              "managed_by": "terraform",
              "owner": "vishal",
              "project": "helm-deployment-app"
            },
            "timeouts": null,
            "workspace_id": "32e36b39-6a0f-4909-84a5-1c8e47b2028d"
          },
          "sensitive_attributes": [
            [
              {
                "type": "get_attr",
                "value": "primary_shared_key"
              }
            ],
            [
              {
                "type": "get_attr",
                "value": "secondary_shared_key"
              }
            ]
          ],
          "identity_schema_version": 0,
          "private": "eyJlMmJmYjczMC1lY2FhLTExZTYtOGY4OC0zNDM2M2JjN2M0YzAiOnsiY3JlYXRlIjoxODAwMDAwMDAwMDAwLCJkZWxldGUiOjE4MDAwMDAwMDAwMDAsInJlYWQiOjMwMDAwMDAwMDAwMCwidXBkYXRlIjoxODAwMDAwMDAwMDAwfSwic2NoZW1hX3ZlcnNpb24iOiIzIn0=",
          "dependencies": [
            "module.resource_group.azurerm_resource_group.rg"
          ]
        }
      ]
    },
    {
      "module": "module.aks",
      "mode": "managed",
      "type": "azurerm_role_assignment",
      "name": "aks_acr_pull",
      "provider": "provider[\"registry.terraform.io/hashicorp/azurerm\"]",
      "instances": [
        {
          "schema_version": 0,
          "attributes": {
            "condition": "",
            "condition_version": "",
            "delegated_managed_identity_resource_id": "",
            "description": "",
            "id": "/subscriptions/90266433-ff7d-467c-becb-788ee06b5e27/resourceGroups/helm-deployment-app-prod-rg/providers/Microsoft.ContainerRegistry/registries/helmdeploymentappprodacr/providers/Microsoft.Authorization/roleAssignments/839d5af7-20ee-8d96-e015-4be508d6798d",
            "name": "839d5af7-20ee-8d96-e015-4be508d6798d",
            "principal_id": "24e470cf-9dd2-4258-8d7c-486204e890b2",
            "principal_type": "ServicePrincipal",
            "role_definition_id": "/subscriptions/90266433-ff7d-467c-becb-788ee06b5e27/providers/Microsoft.Authorization/roleDefinitions/7f951dda-4ed3-4680-a7ca-43fe172d538d",
            "role_definition_name": "AcrPull",
            "scope": "/subscriptions/90266433-ff7d-467c-becb-788ee06b5e27/resourceGroups/helm-deployment-app-prod-rg/providers/Microsoft.ContainerRegistry/registries/helmdeploymentappprodacr",
            "skip_service_principal_aad_check": true,
            "timeouts": null
          },
          "sensitive_attributes": [],
          "identity_schema_version": 0,
          "private": "eyJlMmJmYjczMC1lY2FhLTExZTYtOGY4OC0zNDM2M2JjN2M0YzAiOnsiY3JlYXRlIjoxODAwMDAwMDAwMDAwLCJkZWxldGUiOjE4MDAwMDAwMDAwMDAsInJlYWQiOjMwMDAwMDAwMDAwMH19",
          "dependencies": [
            "module.acr.azurerm_container_registry.acr",
            "module.aks.azurerm_kubernetes_cluster.aks",
            "module.aks.azurerm_log_analytics_workspace.aks",
            "module.resource_group.azurerm_resource_group.rg",
            "module.vnet.azurerm_subnet.private",
            "module.vnet.azurerm_virtual_network.vnet"
          ]
        }
      ]
    },
    {
      "module": "module.resource_group",
      "mode": "managed",
      "type": "azurerm_resource_group",
      "name": "rg",
      "provider": "provider[\"registry.terraform.io/hashicorp/azurerm\"]",
      "instances": [
        {
          "schema_version": 0,
          "attributes": {
            "id": "/subscriptions/90266433-ff7d-467c-becb-788ee06b5e27/resourceGroups/helm-deployment-app-prod-rg",
            "location": "canadacentral",
            "managed_by": "",
            "name": "helm-deployment-app-prod-rg",
            "tags": {
              "environment": "prod",
              "managed_by": "terraform",
              "owner": "vishal",
              "project": "helm-deployment-app"
            },
            "timeouts": null
          },
          "sensitive_attributes": [],
          "identity_schema_version": 0,
          "identity": {
            "name": "helm-deployment-app-prod-rg",
            "subscription_id": "90266433-ff7d-467c-becb-788ee06b5e27"
          },
          "private": "eyJlMmJmYjczMC1lY2FhLTExZTYtOGY4OC0zNDM2M2JjN2M0YzAiOnsiY3JlYXRlIjo1NDAwMDAwMDAwMDAwLCJkZWxldGUiOjU0MDAwMDAwMDAwMDAsInJlYWQiOjMwMDAwMDAwMDAwMCwidXBkYXRlIjo1NDAwMDAwMDAwMDAwfX0="
        }
      ]
    },
    {
      "module": "module.vnet",
      "mode": "managed",
      "type": "azurerm_network_security_group",
      "name": "nsg",
      "provider": "provider[\"registry.terraform.io/hashicorp/azurerm\"]",
      "instances": [
        {
          "schema_version": 0,
          "attributes": {
            "id": "/subscriptions/90266433-ff7d-467c-becb-788ee06b5e27/resourceGroups/helm-deployment-app-prod-rg/providers/Microsoft.Network/networkSecurityGroups/helm-deployment-app-prod-vnet-nsg",
            "location": "canadacentral",
            "name": "helm-deployment-app-prod-vnet-nsg",
            "resource_group_name": "helm-deployment-app-prod-rg",
            "security_rule": [
              {
                "access": "Allow",
                "description": "",
                "destination_address_prefix": "*",
                "destination_address_prefixes": [],
                "destination_application_security_group_ids": [],
                "destination_port_range": "*",
                "destination_port_ranges": [],
                "direction": "Inbound",
                "name": "AllowAzureLoadBalancer",
                "priority": 210,
                "protocol": "*",
                "source_address_prefix": "AzureLoadBalancer",
                "source_address_prefixes": [],
                "source_application_security_group_ids": [],
                "source_port_range": "*",
                "source_port_ranges": []
              },
              {
                "access": "Allow",
                "description": "",
                "destination_address_prefix": "*",
                "destination_address_prefixes": [],
                "destination_application_security_group_ids": [],
                "destination_port_range": "443",
                "destination_port_ranges": [],
                "direction": "Inbound",
                "name": "AllowHTTPS",
                "priority": 100,
                "protocol": "Tcp",
                "source_address_prefix": "*",
                "source_address_prefixes": [],
                "source_application_security_group_ids": [],
                "source_port_range": "*",
                "source_port_ranges": []
              },
              {
                "access": "Allow",
                "description": "",
                "destination_address_prefix": "*",
                "destination_address_prefixes": [],
                "destination_application_security_group_ids": [],
                "destination_port_range": "80",
                "destination_port_ranges": [],
                "direction": "Inbound",
                "name": "AllowHTTP",
                "priority": 110,
                "protocol": "Tcp",
                "source_address_prefix": "*",
                "source_address_prefixes": [],
                "source_application_security_group_ids": [],
                "source_port_range": "*",
                "source_port_ranges": []
              },
              {
                "access": "Allow",
                "description": "",
                "destination_address_prefix": "VirtualNetwork",
                "destination_address_prefixes": [],
                "destination_application_security_group_ids": [],
                "destination_port_range": "*",
                "destination_port_ranges": [],
                "direction": "Inbound",
                "name": "AllowVNetInbound",
                "priority": 200,
                "protocol": "*",
                "source_address_prefix": "VirtualNetwork",
                "source_address_prefixes": [],
                "source_application_security_group_ids": [],
                "source_port_range": "*",
                "source_port_ranges": []
              },
              {
                "access": "Deny",
                "description": "",
                "destination_address_prefix": "*",
                "destination_address_prefixes": [],
                "destination_application_security_group_ids": [],
                "destination_port_range": "*",
                "destination_port_ranges": [],
                "direction": "Inbound",
                "name": "DenyAllInbound",
                "priority": 4096,
                "protocol": "*",
                "source_address_prefix": "*",
                "source_address_prefixes": [],
                "source_application_security_group_ids": [],
                "source_port_range": "*",
                "source_port_ranges": []
              }
            ],
            "tags": {
              "environment": "prod",
              "managed_by": "terraform",
              "owner": "vishal",
              "project": "helm-deployment-app"
            },
            "timeouts": null
          },
          "sensitive_attributes": [],
          "identity_schema_version": 0,
          "identity": {
            "name": "helm-deployment-app-prod-vnet-nsg",
            "resource_group_name": "helm-deployment-app-prod-rg",
            "subscription_id": "90266433-ff7d-467c-becb-788ee06b5e27"
          },
          "private": "eyJlMmJmYjczMC1lY2FhLTExZTYtOGY4OC0zNDM2M2JjN2M0YzAiOnsiY3JlYXRlIjoxODAwMDAwMDAwMDAwLCJkZWxldGUiOjE4MDAwMDAwMDAwMDAsInJlYWQiOjMwMDAwMDAwMDAwMCwidXBkYXRlIjoxODAwMDAwMDAwMDAwfX0=",
          "dependencies": [
            "module.resource_group.azurerm_resource_group.rg"
          ]
        }
      ]
    },
    {
      "module": "module.vnet",
      "mode": "managed",
      "type": "azurerm_subnet",
      "name": "private",
      "provider": "provider[\"registry.terraform.io/hashicorp/azurerm\"]",
      "instances": [
        {
          "index_key": "pvt-subnet-0",
          "schema_version": 0,
          "attributes": {
            "address_prefixes": [
              "10.0.0.0/24"
            ],
            "default_outbound_access_enabled": true,
            "delegation": [],
            "id": "/subscriptions/90266433-ff7d-467c-becb-788ee06b5e27/resourceGroups/helm-deployment-app-prod-rg/providers/Microsoft.Network/virtualNetworks/helm-deployment-app-prod-vnet/subnets/pvt-subnet-0",
            "ip_address_pool": [],
            "name": "pvt-subnet-0",
            "private_endpoint_network_policies": "Disabled",
            "private_link_service_network_policies_enabled": true,
            "resource_group_name": "helm-deployment-app-prod-rg",
            "service_endpoint_policy_ids": [],
            "service_endpoints": [
              "Microsoft.ContainerRegistry"
            ],
            "sharing_scope": "",
            "timeouts": null,
            "virtual_network_name": "helm-deployment-app-prod-vnet"
          },
          "sensitive_attributes": [],
          "identity_schema_version": 0,
          "identity": {
            "name": "pvt-subnet-0",
            "resource_group_name": "helm-deployment-app-prod-rg",
            "subscription_id": "90266433-ff7d-467c-becb-788ee06b5e27",
            "virtual_network_name": "helm-deployment-app-prod-vnet"
          },
          "private": "eyJlMmJmYjczMC1lY2FhLTExZTYtOGY4OC0zNDM2M2JjN2M0YzAiOnsiY3JlYXRlIjoxODAwMDAwMDAwMDAwLCJkZWxldGUiOjE4MDAwMDAwMDAwMDAsInJlYWQiOjMwMDAwMDAwMDAwMCwidXBkYXRlIjoxODAwMDAwMDAwMDAwfX0=",
          "dependencies": [
            "module.resource_group.azurerm_resource_group.rg",
            "module.vnet.azurerm_virtual_network.vnet"
          ]
        },
        {
          "index_key": "pvt-subnet-1",
          "schema_version": 0,
          "attributes": {
            "address_prefixes": [
              "10.0.1.0/24"
            ],
            "default_outbound_access_enabled": true,
            "delegation": [],
            "id": "/subscriptions/90266433-ff7d-467c-becb-788ee06b5e27/resourceGroups/helm-deployment-app-prod-rg/providers/Microsoft.Network/virtualNetworks/helm-deployment-app-prod-vnet/subnets/pvt-subnet-1",
            "ip_address_pool": [],
            "name": "pvt-subnet-1",
            "private_endpoint_network_policies": "Disabled",
            "private_link_service_network_policies_enabled": true,
            "resource_group_name": "helm-deployment-app-prod-rg",
            "service_endpoint_policy_ids": [],
            "service_endpoints": [
              "Microsoft.ContainerRegistry"
            ],
            "sharing_scope": "",
            "timeouts": null,
            "virtual_network_name": "helm-deployment-app-prod-vnet"
          },
          "sensitive_attributes": [],
          "identity_schema_version": 0,
          "identity": {
            "name": "pvt-subnet-1",
            "resource_group_name": "helm-deployment-app-prod-rg",
            "subscription_id": "90266433-ff7d-467c-becb-788ee06b5e27",
            "virtual_network_name": "helm-deployment-app-prod-vnet"
          },
          "private": "eyJlMmJmYjczMC1lY2FhLTExZTYtOGY4OC0zNDM2M2JjN2M0YzAiOnsiY3JlYXRlIjoxODAwMDAwMDAwMDAwLCJkZWxldGUiOjE4MDAwMDAwMDAwMDAsInJlYWQiOjMwMDAwMDAwMDAwMCwidXBkYXRlIjoxODAwMDAwMDAwMDAwfX0=",
          "dependencies": [
            "module.resource_group.azurerm_resource_group.rg",
            "module.vnet.azurerm_virtual_network.vnet"
          ]
        },
        {
          "index_key": "pvt-subnet-2",
          "schema_version": 0,
          "attributes": {
            "address_prefixes": [
              "10.0.2.0/24"
            ],
            "default_outbound_access_enabled": true,
            "delegation": [],
            "id": "/subscriptions/90266433-ff7d-467c-becb-788ee06b5e27/resourceGroups/helm-deployment-app-prod-rg/providers/Microsoft.Network/virtualNetworks/helm-deployment-app-prod-vnet/subnets/pvt-subnet-2",
            "ip_address_pool": [],
            "name": "pvt-subnet-2",
            "private_endpoint_network_policies": "Disabled",
            "private_link_service_network_policies_enabled": true,
            "resource_group_name": "helm-deployment-app-prod-rg",
            "service_endpoint_policy_ids": [],
            "service_endpoints": [
              "Microsoft.ContainerRegistry"
            ],
            "sharing_scope": "",
            "timeouts": null,
            "virtual_network_name": "helm-deployment-app-prod-vnet"
          },
          "sensitive_attributes": [],
          "identity_schema_version": 0,
          "identity": {
            "name": "pvt-subnet-2",
            "resource_group_name": "helm-deployment-app-prod-rg",
            "subscription_id": "90266433-ff7d-467c-becb-788ee06b5e27",
            "virtual_network_name": "helm-deployment-app-prod-vnet"
          },
          "private": "eyJlMmJmYjczMC1lY2FhLTExZTYtOGY4OC0zNDM2M2JjN2M0YzAiOnsiY3JlYXRlIjoxODAwMDAwMDAwMDAwLCJkZWxldGUiOjE4MDAwMDAwMDAwMDAsInJlYWQiOjMwMDAwMDAwMDAwMCwidXBkYXRlIjoxODAwMDAwMDAwMDAwfX0=",
          "dependencies": [
            "module.resource_group.azurerm_resource_group.rg",
            "module.vnet.azurerm_virtual_network.vnet"
          ]
        },
        {
          "index_key": "pvt-subnet-3",
          "schema_version": 0,
          "attributes": {
            "address_prefixes": [
              "10.0.3.0/24"
            ],
            "default_outbound_access_enabled": true,
            "delegation": [],
            "id": "/subscriptions/90266433-ff7d-467c-becb-788ee06b5e27/resourceGroups/helm-deployment-app-prod-rg/providers/Microsoft.Network/virtualNetworks/helm-deployment-app-prod-vnet/subnets/pvt-subnet-3",
            "ip_address_pool": [],
            "name": "pvt-subnet-3",
            "private_endpoint_network_policies": "Disabled",
            "private_link_service_network_policies_enabled": true,
            "resource_group_name": "helm-deployment-app-prod-rg",
            "service_endpoint_policy_ids": [],
            "service_endpoints": [
              "Microsoft.ContainerRegistry"
            ],
            "sharing_scope": "",
            "timeouts": null,
            "virtual_network_name": "helm-deployment-app-prod-vnet"
          },
          "sensitive_attributes": [],
          "identity_schema_version": 0,
          "identity": {
            "name": "pvt-subnet-3",
            "resource_group_name": "helm-deployment-app-prod-rg",
            "subscription_id": "90266433-ff7d-467c-becb-788ee06b5e27",
            "virtual_network_name": "helm-deployment-app-prod-vnet"
          },
          "private": "eyJlMmJmYjczMC1lY2FhLTExZTYtOGY4OC0zNDM2M2JjN2M0YzAiOnsiY3JlYXRlIjoxODAwMDAwMDAwMDAwLCJkZWxldGUiOjE4MDAwMDAwMDAwMDAsInJlYWQiOjMwMDAwMDAwMDAwMCwidXBkYXRlIjoxODAwMDAwMDAwMDAwfX0=",
          "dependencies": [
            "module.resource_group.azurerm_resource_group.rg",
            "module.vnet.azurerm_virtual_network.vnet"
          ]
        }
      ]
    },
    {
      "module": "module.vnet",
      "mode": "managed",
      "type": "azurerm_subnet",
      "name": "public",
      "provider": "provider[\"registry.terraform.io/hashicorp/azurerm\"]",
      "instances": [
        {
          "index_key": "pub-subnet-0",
          "schema_version": 0,
          "attributes": {
            "address_prefixes": [
              "10.0.10.0/24"
            ],
            "default_outbound_access_enabled": true,
            "delegation": [],
            "id": "/subscriptions/90266433-ff7d-467c-becb-788ee06b5e27/resourceGroups/helm-deployment-app-prod-rg/providers/Microsoft.Network/virtualNetworks/helm-deployment-app-prod-vnet/subnets/pub-subnet-0",
            "ip_address_pool": [],
            "name": "pub-subnet-0",
            "private_endpoint_network_policies": "Disabled",
            "private_link_service_network_policies_enabled": true,
            "resource_group_name": "helm-deployment-app-prod-rg",
            "service_endpoint_policy_ids": [],
            "service_endpoints": [],
            "sharing_scope": "",
            "timeouts": null,
            "virtual_network_name": "helm-deployment-app-prod-vnet"
          },
          "sensitive_attributes": [],
          "identity_schema_version": 0,
          "identity": {
            "name": "pub-subnet-0",
            "resource_group_name": "helm-deployment-app-prod-rg",
            "subscription_id": "90266433-ff7d-467c-becb-788ee06b5e27",
            "virtual_network_name": "helm-deployment-app-prod-vnet"
          },
          "private": "eyJlMmJmYjczMC1lY2FhLTExZTYtOGY4OC0zNDM2M2JjN2M0YzAiOnsiY3JlYXRlIjoxODAwMDAwMDAwMDAwLCJkZWxldGUiOjE4MDAwMDAwMDAwMDAsInJlYWQiOjMwMDAwMDAwMDAwMCwidXBkYXRlIjoxODAwMDAwMDAwMDAwfX0=",
          "dependencies": [
            "module.resource_group.azurerm_resource_group.rg",
            "module.vnet.azurerm_virtual_network.vnet"
          ]
        },
        {
          "index_key": "pub-subnet-1",
          "schema_version": 0,
          "attributes": {
            "address_prefixes": [
              "10.0.11.0/24"
            ],
            "default_outbound_access_enabled": true,
            "delegation": [],
            "id": "/subscriptions/90266433-ff7d-467c-becb-788ee06b5e27/resourceGroups/helm-deployment-app-prod-rg/providers/Microsoft.Network/virtualNetworks/helm-deployment-app-prod-vnet/subnets/pub-subnet-1",
            "ip_address_pool": [],
            "name": "pub-subnet-1",
            "private_endpoint_network_policies": "Disabled",
            "private_link_service_network_policies_enabled": true,
            "resource_group_name": "helm-deployment-app-prod-rg",
            "service_endpoint_policy_ids": [],
            "service_endpoints": [],
            "sharing_scope": "",
            "timeouts": null,
            "virtual_network_name": "helm-deployment-app-prod-vnet"
          },
          "sensitive_attributes": [],
          "identity_schema_version": 0,
          "identity": {
            "name": "pub-subnet-1",
            "resource_group_name": "helm-deployment-app-prod-rg",
            "subscription_id": "90266433-ff7d-467c-becb-788ee06b5e27",
            "virtual_network_name": "helm-deployment-app-prod-vnet"
          },
          "private": "eyJlMmJmYjczMC1lY2FhLTExZTYtOGY4OC0zNDM2M2JjN2M0YzAiOnsiY3JlYXRlIjoxODAwMDAwMDAwMDAwLCJkZWxldGUiOjE4MDAwMDAwMDAwMDAsInJlYWQiOjMwMDAwMDAwMDAwMCwidXBkYXRlIjoxODAwMDAwMDAwMDAwfX0=",
          "dependencies": [
            "module.resource_group.azurerm_resource_group.rg",
            "module.vnet.azurerm_virtual_network.vnet"
          ]
        }
      ]
    },
    {
      "module": "module.vnet",
      "mode": "managed",
      "type": "azurerm_subnet_network_security_group_association",
      "name": "nsg_assoc",
      "provider": "provider[\"registry.terraform.io/hashicorp/azurerm\"]",
      "instances": [
        {
          "index_key": "pvt-subnet-0",
          "schema_version": 0,
          "attributes": {
            "id": "/subscriptions/90266433-ff7d-467c-becb-788ee06b5e27/resourceGroups/helm-deployment-app-prod-rg/providers/Microsoft.Network/virtualNetworks/helm-deployment-app-prod-vnet/subnets/pvt-subnet-0",
            "network_security_group_id": "/subscriptions/90266433-ff7d-467c-becb-788ee06b5e27/resourceGroups/helm-deployment-app-prod-rg/providers/Microsoft.Network/networkSecurityGroups/helm-deployment-app-prod-vnet-nsg",
            "subnet_id": "/subscriptions/90266433-ff7d-467c-becb-788ee06b5e27/resourceGroups/helm-deployment-app-prod-rg/providers/Microsoft.Network/virtualNetworks/helm-deployment-app-prod-vnet/subnets/pvt-subnet-0",
            "timeouts": null
          },
          "sensitive_attributes": [],
          "identity_schema_version": 0,
          "private": "eyJlMmJmYjczMC1lY2FhLTExZTYtOGY4OC0zNDM2M2JjN2M0YzAiOnsiY3JlYXRlIjoxODAwMDAwMDAwMDAwLCJkZWxldGUiOjE4MDAwMDAwMDAwMDAsInJlYWQiOjMwMDAwMDAwMDAwMH19",
          "dependencies": [
            "module.resource_group.azurerm_resource_group.rg",
            "module.vnet.azurerm_network_security_group.nsg",
            "module.vnet.azurerm_subnet.private",
            "module.vnet.azurerm_virtual_network.vnet"
          ]
        },
        {
          "index_key": "pvt-subnet-1",
          "schema_version": 0,
          "attributes": {
            "id": "/subscriptions/90266433-ff7d-467c-becb-788ee06b5e27/resourceGroups/helm-deployment-app-prod-rg/providers/Microsoft.Network/virtualNetworks/helm-deployment-app-prod-vnet/subnets/pvt-subnet-1",
            "network_security_group_id": "/subscriptions/90266433-ff7d-467c-becb-788ee06b5e27/resourceGroups/helm-deployment-app-prod-rg/providers/Microsoft.Network/networkSecurityGroups/helm-deployment-app-prod-vnet-nsg",
            "subnet_id": "/subscriptions/90266433-ff7d-467c-becb-788ee06b5e27/resourceGroups/helm-deployment-app-prod-rg/providers/Microsoft.Network/virtualNetworks/helm-deployment-app-prod-vnet/subnets/pvt-subnet-1",
            "timeouts": null
          },
          "sensitive_attributes": [],
          "identity_schema_version": 0,
          "private": "eyJlMmJmYjczMC1lY2FhLTExZTYtOGY4OC0zNDM2M2JjN2M0YzAiOnsiY3JlYXRlIjoxODAwMDAwMDAwMDAwLCJkZWxldGUiOjE4MDAwMDAwMDAwMDAsInJlYWQiOjMwMDAwMDAwMDAwMH19",
          "dependencies": [
            "module.resource_group.azurerm_resource_group.rg",
            "module.vnet.azurerm_network_security_group.nsg",
            "module.vnet.azurerm_subnet.private",
            "module.vnet.azurerm_virtual_network.vnet"
          ]
        },
        {
          "index_key": "pvt-subnet-2",
          "schema_version": 0,
          "attributes": {
            "id": "/subscriptions/90266433-ff7d-467c-becb-788ee06b5e27/resourceGroups/helm-deployment-app-prod-rg/providers/Microsoft.Network/virtualNetworks/helm-deployment-app-prod-vnet/subnets/pvt-subnet-2",
            "network_security_group_id": "/subscriptions/90266433-ff7d-467c-becb-788ee06b5e27/resourceGroups/helm-deployment-app-prod-rg/providers/Microsoft.Network/networkSecurityGroups/helm-deployment-app-prod-vnet-nsg",
            "subnet_id": "/subscriptions/90266433-ff7d-467c-becb-788ee06b5e27/resourceGroups/helm-deployment-app-prod-rg/providers/Microsoft.Network/virtualNetworks/helm-deployment-app-prod-vnet/subnets/pvt-subnet-2",
            "timeouts": null
          },
          "sensitive_attributes": [],
          "identity_schema_version": 0,
          "private": "eyJlMmJmYjczMC1lY2FhLTExZTYtOGY4OC0zNDM2M2JjN2M0YzAiOnsiY3JlYXRlIjoxODAwMDAwMDAwMDAwLCJkZWxldGUiOjE4MDAwMDAwMDAwMDAsInJlYWQiOjMwMDAwMDAwMDAwMH19",
          "dependencies": [
            "module.resource_group.azurerm_resource_group.rg",
            "module.vnet.azurerm_network_security_group.nsg",
            "module.vnet.azurerm_subnet.private",
            "module.vnet.azurerm_virtual_network.vnet"
          ]
        },
        {
          "index_key": "pvt-subnet-3",
          "schema_version": 0,
          "attributes": {
            "id": "/subscriptions/90266433-ff7d-467c-becb-788ee06b5e27/resourceGroups/helm-deployment-app-prod-rg/providers/Microsoft.Network/virtualNetworks/helm-deployment-app-prod-vnet/subnets/pvt-subnet-3",
            "network_security_group_id": "/subscriptions/90266433-ff7d-467c-becb-788ee06b5e27/resourceGroups/helm-deployment-app-prod-rg/providers/Microsoft.Network/networkSecurityGroups/helm-deployment-app-prod-vnet-nsg",
            "subnet_id": "/subscriptions/90266433-ff7d-467c-becb-788ee06b5e27/resourceGroups/helm-deployment-app-prod-rg/providers/Microsoft.Network/virtualNetworks/helm-deployment-app-prod-vnet/subnets/pvt-subnet-3",
            "timeouts": null
          },
          "sensitive_attributes": [],
          "identity_schema_version": 0,
          "private": "eyJlMmJmYjczMC1lY2FhLTExZTYtOGY4OC0zNDM2M2JjN2M0YzAiOnsiY3JlYXRlIjoxODAwMDAwMDAwMDAwLCJkZWxldGUiOjE4MDAwMDAwMDAwMDAsInJlYWQiOjMwMDAwMDAwMDAwMH19",
          "dependencies": [
            "module.resource_group.azurerm_resource_group.rg",
            "module.vnet.azurerm_network_security_group.nsg",
            "module.vnet.azurerm_subnet.private",
            "module.vnet.azurerm_virtual_network.vnet"
          ]
        }
      ]
    },
    {
      "module": "module.vnet",
      "mode": "managed",
      "type": "azurerm_virtual_network",
      "name": "vnet",
      "provider": "provider[\"registry.terraform.io/hashicorp/azurerm\"]",
      "instances": [
        {
          "schema_version": 0,
          "attributes": {
            "address_space": [
              "10.0.0.0/16"
            ],
            "bgp_community": "",
            "ddos_protection_plan": [],
            "dns_servers": [],
            "edge_zone": "",
            "encryption": [],
            "flow_timeout_in_minutes": 0,
            "guid": "a968f45c-7604-491e-99b3-ea54e55b6414",
            "id": "/subscriptions/90266433-ff7d-467c-becb-788ee06b5e27/resourceGroups/helm-deployment-app-prod-rg/providers/Microsoft.Network/virtualNetworks/helm-deployment-app-prod-vnet",
            "ip_address_pool": [],
            "location": "canadacentral",
            "name": "helm-deployment-app-prod-vnet",
            "private_endpoint_vnet_policies": "Disabled",
            "resource_group_name": "helm-deployment-app-prod-rg",
            "subnet": [
              {
                "address_prefixes": [
                  "10.0.0.0/24"
                ],
                "default_outbound_access_enabled": true,
                "delegation": [],
                "id": "/subscriptions/90266433-ff7d-467c-becb-788ee06b5e27/resourceGroups/helm-deployment-app-prod-rg/providers/Microsoft.Network/virtualNetworks/helm-deployment-app-prod-vnet/subnets/pvt-subnet-0",
                "name": "pvt-subnet-0",
                "private_endpoint_network_policies": "Disabled",
                "private_link_service_network_policies_enabled": true,
                "route_table_id": "",
                "security_group": "/subscriptions/90266433-ff7d-467c-becb-788ee06b5e27/resourceGroups/helm-deployment-app-prod-rg/providers/Microsoft.Network/networkSecurityGroups/helm-deployment-app-prod-vnet-nsg",
                "service_endpoint_policy_ids": [],
                "service_endpoints": [
                  "Microsoft.ContainerRegistry"
                ]
              },
              {
                "address_prefixes": [
                  "10.0.1.0/24"
                ],
                "default_outbound_access_enabled": true,
                "delegation": [],
                "id": "/subscriptions/90266433-ff7d-467c-becb-788ee06b5e27/resourceGroups/helm-deployment-app-prod-rg/providers/Microsoft.Network/virtualNetworks/helm-deployment-app-prod-vnet/subnets/pvt-subnet-1",
                "name": "pvt-subnet-1",
                "private_endpoint_network_policies": "Disabled",
                "private_link_service_network_policies_enabled": true,
                "route_table_id": "",
                "security_group": "/subscriptions/90266433-ff7d-467c-becb-788ee06b5e27/resourceGroups/helm-deployment-app-prod-rg/providers/Microsoft.Network/networkSecurityGroups/helm-deployment-app-prod-vnet-nsg",
                "service_endpoint_policy_ids": [],
                "service_endpoints": [
                  "Microsoft.ContainerRegistry"
                ]
              },
              {
                "address_prefixes": [
                  "10.0.10.0/24"
                ],
                "default_outbound_access_enabled": true,
                "delegation": [],
                "id": "/subscriptions/90266433-ff7d-467c-becb-788ee06b5e27/resourceGroups/helm-deployment-app-prod-rg/providers/Microsoft.Network/virtualNetworks/helm-deployment-app-prod-vnet/subnets/pub-subnet-0",
                "name": "pub-subnet-0",
                "private_endpoint_network_policies": "Disabled",
                "private_link_service_network_policies_enabled": true,
                "route_table_id": "",
                "security_group": "",
                "service_endpoint_policy_ids": [],
                "service_endpoints": []
              },
              {
                "address_prefixes": [
                  "10.0.11.0/24"
                ],
                "default_outbound_access_enabled": true,
                "delegation": [],
                "id": "/subscriptions/90266433-ff7d-467c-becb-788ee06b5e27/resourceGroups/helm-deployment-app-prod-rg/providers/Microsoft.Network/virtualNetworks/helm-deployment-app-prod-vnet/subnets/pub-subnet-1",
                "name": "pub-subnet-1",
                "private_endpoint_network_policies": "Disabled",
                "private_link_service_network_policies_enabled": true,
                "route_table_id": "",
                "security_group": "",
                "service_endpoint_policy_ids": [],
                "service_endpoints": []
              },
              {
                "address_prefixes": [
                  "10.0.2.0/24"
                ],
                "default_outbound_access_enabled": true,
                "delegation": [],
                "id": "/subscriptions/90266433-ff7d-467c-becb-788ee06b5e27/resourceGroups/helm-deployment-app-prod-rg/providers/Microsoft.Network/virtualNetworks/helm-deployment-app-prod-vnet/subnets/pvt-subnet-2",
                "name": "pvt-subnet-2",
                "private_endpoint_network_policies": "Disabled",
                "private_link_service_network_policies_enabled": true,
                "route_table_id": "",
                "security_group": "/subscriptions/90266433-ff7d-467c-becb-788ee06b5e27/resourceGroups/helm-deployment-app-prod-rg/providers/Microsoft.Network/networkSecurityGroups/helm-deployment-app-prod-vnet-nsg",
                "service_endpoint_policy_ids": [],
                "service_endpoints": [
                  "Microsoft.ContainerRegistry"
                ]
              },
              {
                "address_prefixes": [
                  "10.0.3.0/24"
                ],
                "default_outbound_access_enabled": true,
                "delegation": [],
                "id": "/subscriptions/90266433-ff7d-467c-becb-788ee06b5e27/resourceGroups/helm-deployment-app-prod-rg/providers/Microsoft.Network/virtualNetworks/helm-deployment-app-prod-vnet/subnets/pvt-subnet-3",
                "name": "pvt-subnet-3",
                "private_endpoint_network_policies": "Disabled",
                "private_link_service_network_policies_enabled": true,
                "route_table_id": "",
                "security_group": "/subscriptions/90266433-ff7d-467c-becb-788ee06b5e27/resourceGroups/helm-deployment-app-prod-rg/providers/Microsoft.Network/networkSecurityGroups/helm-deployment-app-prod-vnet-nsg",
                "service_endpoint_policy_ids": [],
                "service_endpoints": [
                  "Microsoft.ContainerRegistry"
                ]
              }
            ],
            "tags": {
              "environment": "prod",
              "managed_by": "terraform",
              "owner": "vishal",
              "project": "helm-deployment-app"
            },
            "timeouts": null
          },
          "sensitive_attributes": [],
          "identity_schema_version": 0,
          "identity": {
            "name": "helm-deployment-app-prod-vnet",
            "resource_group_name": "helm-deployment-app-prod-rg",
            "subscription_id": "90266433-ff7d-467c-becb-788ee06b5e27"
          },
          "private": "eyJlMmJmYjczMC1lY2FhLTExZTYtOGY4OC0zNDM2M2JjN2M0YzAiOnsiY3JlYXRlIjoxODAwMDAwMDAwMDAwLCJkZWxldGUiOjE4MDAwMDAwMDAwMDAsInJlYWQiOjMwMDAwMDAwMDAwMCwidXBkYXRlIjoxODAwMDAwMDAwMDAwfX0=",
          "dependencies": [
            "module.resource_group.azurerm_resource_group.rg"
          ]
        }
      ]
    }
  ],
  "check_results": [
    {
      "object_kind": "var",
      "config_addr": "var.aks_sku_tier",
      "status": "pass",
      "objects": [
        {
          "object_addr": "var.aks_sku_tier",
          "status": "pass"
        }
      ]
    },
    {
      "object_kind": "var",
      "config_addr": "var.project_name",
      "status": "pass",
      "objects": [
        {
          "object_addr": "var.project_name",
          "status": "pass"
        }
      ]
    },
    {
      "object_kind": "var",
      "config_addr": "var.acr_sku",
      "status": "pass",
      "objects": [
        {
          "object_addr": "var.acr_sku",
          "status": "pass"
        }
      ]
    },
    {
      "object_kind": "var",
      "config_addr": "var.environment",
      "status": "pass",
      "objects": [
        {
          "object_addr": "var.environment",
          "status": "pass"
        }
      ]
    },
    {
      "object_kind": "var",
      "config_addr": "module.acr.var.sku",
      "status": "pass",
      "objects": [
        {
          "object_addr": "module.acr.var.sku",
          "status": "pass"
        }
      ]
    },
    {
      "object_kind": "var",
      "config_addr": "module.aks.var.sku_tier",
      "status": "pass",
      "objects": [
        {
          "object_addr": "module.aks.var.sku_tier",
          "status": "pass"
        }
      ]
    }
  ]
}
